
Microsoft Visual Studio Solution File, Format Version 12.00
# Visual Studio 15
VisualStudioVersion = 15.0.26730.15
MinimumVisualStudioVersion = 10.0.40219.1
Project("{9A19103F-16F7-4668-BE54-9A1E7A4F7556}") = "CrossPlatformLibrary", "CrossPlatformLibrary\CrossPlatformLibrary.csproj", "{A6FCEF44-D2BA-42C7-B3CB-13667BCD7B54}"
EndProject
Project("{2150E333-8FDC-42A3-9474-1A3956D46DE8}") = "Tests", "Tests", "{82600A24-8220-4C54-9EE6-EFF590F0104F}"
EndProject
Project("{FAE04EC0-301F-11D3-BF4B-00C04F79EFBC}") = "CrossPlatformLibrary.NetFx", "CrossPlatformLibrary.NetFx\CrossPlatformLibrary.NetFx.csproj", "{AC987DEB-1A08-40BF-B996-360C7FDAEBDC}"
EndProject
Project("{2150E333-8FDC-42A3-9474-1A3956D46DE8}") = "Samples", "Samples", "{07EA1824-E9D4-42CF-8D6C-BA242B299375}"
EndProject
Project("{FAE04EC0-301F-11D3-BF4B-00C04F79EFBC}") = "CrossPlatformLibrary.UWP", "CrossPlatformLibrary.UWP\CrossPlatformLibrary.UWP.csproj", "{651016A2-9700-4F09-A9DA-8D4563AC0C7B}"
EndProject
Project("{D954291E-2A0B-460D-934E-DC6B0785DB48}") = "CrossPlatformLibrary.Shared", "CrossPlatformLibrary.Shared\CrossPlatformLibrary.Shared.shproj", "{9061E23B-3329-4CCF-8D69-61FAA11BB380}"
EndProject
Project("{FAE04EC0-301F-11D3-BF4B-00C04F79EFBC}") = "CrossPlatformLibrary.Android", "CrossPlatformLibrary.Android\CrossPlatformLibrary.Android.csproj", "{0048EBA2-EF2B-4854-812A-76BA6C318845}"
EndProject
Project("{FAE04EC0-301F-11D3-BF4B-00C04F79EFBC}") = "CrossPlatformLibrary.iOS", "CrossPlatformLibrary.iOS\CrossPlatformLibrary.iOS.csproj", "{E71F3053-056C-4381-9638-048ED73BDFF6}"
EndProject
Project("{2150E333-8FDC-42A3-9474-1A3956D46DE8}") = "Solution Items", "Solution Items", "{D6A8FDA6-FCF8-4934-9875-1B19255DDF2E}"
	ProjectSection(SolutionItems) = preProject
		build.yml = build.yml
		CrossPlatformLibrary.Forms.nuspec = CrossPlatformLibrary.Forms.nuspec
		CrossPlatformLibrary.nuspec = CrossPlatformLibrary.nuspec
		README.md = README.md
	EndProjectSection
EndProject
Project("{9A19103F-16F7-4668-BE54-9A1E7A4F7556}") = "CrossPlatformLibrary.Forms", "CrossPlatformLibrary.Forms\CrossPlatformLibrary.Forms.csproj", "{92E8A8DF-7F7B-4978-B5CD-8AFB0E13CB49}"
EndProject
Project("{FAE04EC0-301F-11D3-BF4B-00C04F79EFBC}") = "CrossPlatformLibrary.Forms.Android", "CrossPlatformLibrary.Forms.Android\CrossPlatformLibrary.Forms.Android.csproj", "{145FBB92-FD2F-4C5B-8560-EC0830C8C271}"
EndProject
Project("{FAE04EC0-301F-11D3-BF4B-00C04F79EFBC}") = "CrossPlatformLibrary.Forms.iOS", "CrossPlatformLibrary.Forms.iOS\CrossPlatformLibrary.Forms.iOS.csproj", "{4692E4BF-923C-4F12-AA83-5D7140BB71EB}"
EndProject
Project("{FAE04EC0-301F-11D3-BF4B-00C04F79EFBC}") = "SampleApp.Android", "Samples\SampleApp\SampleApp.Android\SampleApp.Android.csproj", "{59083A38-60A5-43CD-B78A-0148F08CC1CD}"
EndProject
Project("{FAE04EC0-301F-11D3-BF4B-00C04F79EFBC}") = "SampleApp.iOS", "Samples\SampleApp\SampleApp.iOS\SampleApp.iOS.csproj", "{86A26DB7-22AF-4EE8-8004-D61FE582D3B3}"
EndProject
Project("{9A19103F-16F7-4668-BE54-9A1E7A4F7556}") = "SampleApp", "Samples\SampleApp\SampleApp\SampleApp.csproj", "{472D7475-BB2E-42FF-8ED3-AC83C4F17FFC}"
EndProject
Project("{9A19103F-16F7-4668-BE54-9A1E7A4F7556}") = "CrossPlatformLibrary.Tests", "Tests\CrossPlatformLibrary.Tests\CrossPlatformLibrary.Tests.csproj", "{52998B1B-C9CD-4985-BE01-DDB432E7D98A}"
EndProject
Project("{FAE04EC0-301F-11D3-BF4B-00C04F79EFBC}") = "SampleConsoleApp", "Samples\SampleConsoleApp\SampleConsoleApp.csproj", "{79D586BA-B455-4B84-994B-3DE2AD2FFF04}"
EndProject
Project("{FAE04EC0-301F-11D3-BF4B-00C04F79EFBC}") = "CrossPlatformLibrary.Forms.Tests", "Tests\CrossPlatformLibrary.Forms.Tests\CrossPlatformLibrary.Forms.Tests.csproj", "{9E1E031D-D2BF-4D40-B867-D5439D204326}"
EndProject
Global
	GlobalSection(SharedMSBuildProjectFiles) = preSolution
		CrossPlatformLibrary.Shared\CrossPlatformLibrary.Shared.projitems*{145fbb92-fd2f-4c5b-8560-ec0830c8c271}*SharedItemsImports = 4
		CrossPlatformLibrary.Shared\CrossPlatformLibrary.Shared.projitems*{651016a2-9700-4f09-a9da-8d4563ac0c7b}*SharedItemsImports = 4
		CrossPlatformLibrary.Shared\CrossPlatformLibrary.Shared.projitems*{9061e23b-3329-4ccf-8d69-61faa11bb380}*SharedItemsImports = 13
		CrossPlatformLibrary.Shared\CrossPlatformLibrary.Shared.projitems*{ac987deb-1a08-40bf-b996-360c7fdaebdc}*SharedItemsImports = 4
	EndGlobalSection
	GlobalSection(SolutionConfigurationPlatforms) = preSolution
		Ad-Hoc|Any CPU = Ad-Hoc|Any CPU
		Ad-Hoc|ARM = Ad-Hoc|ARM
		Ad-Hoc|iPhone = Ad-Hoc|iPhone
		Ad-Hoc|iPhoneSimulator = Ad-Hoc|iPhoneSimulator
		Ad-Hoc|x64 = Ad-Hoc|x64
		Ad-Hoc|x86 = Ad-Hoc|x86
		AppStore|Any CPU = AppStore|Any CPU
		AppStore|ARM = AppStore|ARM
		AppStore|iPhone = AppStore|iPhone
		AppStore|iPhoneSimulator = AppStore|iPhoneSimulator
		AppStore|x64 = AppStore|x64
		AppStore|x86 = AppStore|x86
		Debug|Any CPU = Debug|Any CPU
		Debug|ARM = Debug|ARM
		Debug|iPhone = Debug|iPhone
		Debug|iPhoneSimulator = Debug|iPhoneSimulator
		Debug|x64 = Debug|x64
		Debug|x86 = Debug|x86
		Release|Any CPU = Release|Any CPU
		Release|ARM = Release|ARM
		Release|iPhone = Release|iPhone
		Release|iPhoneSimulator = Release|iPhoneSimulator
		Release|x64 = Release|x64
		Release|x86 = Release|x86
	EndGlobalSection
	GlobalSection(ProjectConfigurationPlatforms) = postSolution
		{A6FCEF44-D2BA-42C7-B3CB-13667BCD7B54}.Ad-Hoc|Any CPU.ActiveCfg = Release|Any CPU
		{A6FCEF44-D2BA-42C7-B3CB-13667BCD7B54}.Ad-Hoc|Any CPU.Build.0 = Release|Any CPU
		{A6FCEF44-D2BA-42C7-B3CB-13667BCD7B54}.Ad-Hoc|ARM.ActiveCfg = Release|Any CPU
		{A6FCEF44-D2BA-42C7-B3CB-13667BCD7B54}.Ad-Hoc|ARM.Build.0 = Release|Any CPU
		{A6FCEF44-D2BA-42C7-B3CB-13667BCD7B54}.Ad-Hoc|iPhone.ActiveCfg = Release|Any CPU
		{A6FCEF44-D2BA-42C7-B3CB-13667BCD7B54}.Ad-Hoc|iPhone.Build.0 = Release|Any CPU
		{A6FCEF44-D2BA-42C7-B3CB-13667BCD7B54}.Ad-Hoc|iPhoneSimulator.ActiveCfg = Release|Any CPU
		{A6FCEF44-D2BA-42C7-B3CB-13667BCD7B54}.Ad-Hoc|iPhoneSimulator.Build.0 = Release|Any CPU
		{A6FCEF44-D2BA-42C7-B3CB-13667BCD7B54}.Ad-Hoc|x64.ActiveCfg = Release|Any CPU
		{A6FCEF44-D2BA-42C7-B3CB-13667BCD7B54}.Ad-Hoc|x64.Build.0 = Release|Any CPU
		{A6FCEF44-D2BA-42C7-B3CB-13667BCD7B54}.Ad-Hoc|x86.ActiveCfg = Release|Any CPU
		{A6FCEF44-D2BA-42C7-B3CB-13667BCD7B54}.Ad-Hoc|x86.Build.0 = Release|Any CPU
		{A6FCEF44-D2BA-42C7-B3CB-13667BCD7B54}.AppStore|Any CPU.ActiveCfg = Release|Any CPU
		{A6FCEF44-D2BA-42C7-B3CB-13667BCD7B54}.AppStore|Any CPU.Build.0 = Release|Any CPU
		{A6FCEF44-D2BA-42C7-B3CB-13667BCD7B54}.AppStore|ARM.ActiveCfg = Release|Any CPU
		{A6FCEF44-D2BA-42C7-B3CB-13667BCD7B54}.AppStore|ARM.Build.0 = Release|Any CPU
		{A6FCEF44-D2BA-42C7-B3CB-13667BCD7B54}.AppStore|iPhone.ActiveCfg = Release|Any CPU
		{A6FCEF44-D2BA-42C7-B3CB-13667BCD7B54}.AppStore|iPhone.Build.0 = Release|Any CPU
		{A6FCEF44-D2BA-42C7-B3CB-13667BCD7B54}.AppStore|iPhoneSimulator.ActiveCfg = Release|Any CPU
		{A6FCEF44-D2BA-42C7-B3CB-13667BCD7B54}.AppStore|iPhoneSimulator.Build.0 = Release|Any CPU
		{A6FCEF44-D2BA-42C7-B3CB-13667BCD7B54}.AppStore|x64.ActiveCfg = Release|Any CPU
		{A6FCEF44-D2BA-42C7-B3CB-13667BCD7B54}.AppStore|x64.Build.0 = Release|Any CPU
		{A6FCEF44-D2BA-42C7-B3CB-13667BCD7B54}.AppStore|x86.ActiveCfg = Release|Any CPU
		{A6FCEF44-D2BA-42C7-B3CB-13667BCD7B54}.AppStore|x86.Build.0 = Release|Any CPU
		{A6FCEF44-D2BA-42C7-B3CB-13667BCD7B54}.Debug|Any CPU.ActiveCfg = Debug|Any CPU
		{A6FCEF44-D2BA-42C7-B3CB-13667BCD7B54}.Debug|Any CPU.Build.0 = Debug|Any CPU
		{A6FCEF44-D2BA-42C7-B3CB-13667BCD7B54}.Debug|ARM.ActiveCfg = Debug|Any CPU
		{A6FCEF44-D2BA-42C7-B3CB-13667BCD7B54}.Debug|iPhone.ActiveCfg = Debug|Any CPU
		{A6FCEF44-D2BA-42C7-B3CB-13667BCD7B54}.Debug|iPhone.Build.0 = Debug|Any CPU
		{A6FCEF44-D2BA-42C7-B3CB-13667BCD7B54}.Debug|iPhoneSimulator.ActiveCfg = Debug|Any CPU
		{A6FCEF44-D2BA-42C7-B3CB-13667BCD7B54}.Debug|iPhoneSimulator.Build.0 = Debug|Any CPU
		{A6FCEF44-D2BA-42C7-B3CB-13667BCD7B54}.Debug|x64.ActiveCfg = Debug|Any CPU
		{A6FCEF44-D2BA-42C7-B3CB-13667BCD7B54}.Debug|x86.ActiveCfg = Debug|Any CPU
		{A6FCEF44-D2BA-42C7-B3CB-13667BCD7B54}.Release|Any CPU.ActiveCfg = Release|Any CPU
		{A6FCEF44-D2BA-42C7-B3CB-13667BCD7B54}.Release|Any CPU.Build.0 = Release|Any CPU
		{A6FCEF44-D2BA-42C7-B3CB-13667BCD7B54}.Release|ARM.ActiveCfg = Release|Any CPU
		{A6FCEF44-D2BA-42C7-B3CB-13667BCD7B54}.Release|iPhone.ActiveCfg = Release|Any CPU
		{A6FCEF44-D2BA-42C7-B3CB-13667BCD7B54}.Release|iPhone.Build.0 = Release|Any CPU
		{A6FCEF44-D2BA-42C7-B3CB-13667BCD7B54}.Release|iPhoneSimulator.ActiveCfg = Release|Any CPU
		{A6FCEF44-D2BA-42C7-B3CB-13667BCD7B54}.Release|iPhoneSimulator.Build.0 = Release|Any CPU
		{A6FCEF44-D2BA-42C7-B3CB-13667BCD7B54}.Release|x64.ActiveCfg = Release|Any CPU
		{A6FCEF44-D2BA-42C7-B3CB-13667BCD7B54}.Release|x86.ActiveCfg = Release|Any CPU
		{AC987DEB-1A08-40BF-B996-360C7FDAEBDC}.Ad-Hoc|Any CPU.ActiveCfg = Release|Any CPU
		{AC987DEB-1A08-40BF-B996-360C7FDAEBDC}.Ad-Hoc|Any CPU.Build.0 = Release|Any CPU
		{AC987DEB-1A08-40BF-B996-360C7FDAEBDC}.Ad-Hoc|ARM.ActiveCfg = Release|Any CPU
		{AC987DEB-1A08-40BF-B996-360C7FDAEBDC}.Ad-Hoc|ARM.Build.0 = Release|Any CPU
		{AC987DEB-1A08-40BF-B996-360C7FDAEBDC}.Ad-Hoc|iPhone.ActiveCfg = Release|Any CPU
		{AC987DEB-1A08-40BF-B996-360C7FDAEBDC}.Ad-Hoc|iPhone.Build.0 = Release|Any CPU
		{AC987DEB-1A08-40BF-B996-360C7FDAEBDC}.Ad-Hoc|iPhoneSimulator.ActiveCfg = Release|Any CPU
		{AC987DEB-1A08-40BF-B996-360C7FDAEBDC}.Ad-Hoc|iPhoneSimulator.Build.0 = Release|Any CPU
		{AC987DEB-1A08-40BF-B996-360C7FDAEBDC}.Ad-Hoc|x64.ActiveCfg = Release|Any CPU
		{AC987DEB-1A08-40BF-B996-360C7FDAEBDC}.Ad-Hoc|x64.Build.0 = Release|Any CPU
		{AC987DEB-1A08-40BF-B996-360C7FDAEBDC}.Ad-Hoc|x86.ActiveCfg = Release|Any CPU
		{AC987DEB-1A08-40BF-B996-360C7FDAEBDC}.Ad-Hoc|x86.Build.0 = Release|Any CPU
		{AC987DEB-1A08-40BF-B996-360C7FDAEBDC}.AppStore|Any CPU.ActiveCfg = Release|Any CPU
		{AC987DEB-1A08-40BF-B996-360C7FDAEBDC}.AppStore|Any CPU.Build.0 = Release|Any CPU
		{AC987DEB-1A08-40BF-B996-360C7FDAEBDC}.AppStore|ARM.ActiveCfg = Release|Any CPU
		{AC987DEB-1A08-40BF-B996-360C7FDAEBDC}.AppStore|ARM.Build.0 = Release|Any CPU
		{AC987DEB-1A08-40BF-B996-360C7FDAEBDC}.AppStore|iPhone.ActiveCfg = Release|Any CPU
		{AC987DEB-1A08-40BF-B996-360C7FDAEBDC}.AppStore|iPhone.Build.0 = Release|Any CPU
		{AC987DEB-1A08-40BF-B996-360C7FDAEBDC}.AppStore|iPhoneSimulator.ActiveCfg = Release|Any CPU
		{AC987DEB-1A08-40BF-B996-360C7FDAEBDC}.AppStore|iPhoneSimulator.Build.0 = Release|Any CPU
		{AC987DEB-1A08-40BF-B996-360C7FDAEBDC}.AppStore|x64.ActiveCfg = Release|Any CPU
		{AC987DEB-1A08-40BF-B996-360C7FDAEBDC}.AppStore|x64.Build.0 = Release|Any CPU
		{AC987DEB-1A08-40BF-B996-360C7FDAEBDC}.AppStore|x86.ActiveCfg = Release|Any CPU
		{AC987DEB-1A08-40BF-B996-360C7FDAEBDC}.AppStore|x86.Build.0 = Release|Any CPU
		{AC987DEB-1A08-40BF-B996-360C7FDAEBDC}.Debug|Any CPU.ActiveCfg = Debug|Any CPU
		{AC987DEB-1A08-40BF-B996-360C7FDAEBDC}.Debug|Any CPU.Build.0 = Debug|Any CPU
		{AC987DEB-1A08-40BF-B996-360C7FDAEBDC}.Debug|ARM.ActiveCfg = Debug|Any CPU
		{AC987DEB-1A08-40BF-B996-360C7FDAEBDC}.Debug|iPhone.ActiveCfg = Debug|Any CPU
		{AC987DEB-1A08-40BF-B996-360C7FDAEBDC}.Debug|iPhone.Build.0 = Debug|Any CPU
		{AC987DEB-1A08-40BF-B996-360C7FDAEBDC}.Debug|iPhoneSimulator.ActiveCfg = Debug|Any CPU
		{AC987DEB-1A08-40BF-B996-360C7FDAEBDC}.Debug|x64.ActiveCfg = Debug|Any CPU
		{AC987DEB-1A08-40BF-B996-360C7FDAEBDC}.Debug|x86.ActiveCfg = Debug|Any CPU
		{AC987DEB-1A08-40BF-B996-360C7FDAEBDC}.Release|Any CPU.ActiveCfg = Release|Any CPU
		{AC987DEB-1A08-40BF-B996-360C7FDAEBDC}.Release|Any CPU.Build.0 = Release|Any CPU
		{AC987DEB-1A08-40BF-B996-360C7FDAEBDC}.Release|ARM.ActiveCfg = Release|Any CPU
		{AC987DEB-1A08-40BF-B996-360C7FDAEBDC}.Release|iPhone.ActiveCfg = Release|Any CPU
		{AC987DEB-1A08-40BF-B996-360C7FDAEBDC}.Release|iPhone.Build.0 = Release|Any CPU
		{AC987DEB-1A08-40BF-B996-360C7FDAEBDC}.Release|iPhoneSimulator.ActiveCfg = Release|Any CPU
		{AC987DEB-1A08-40BF-B996-360C7FDAEBDC}.Release|iPhoneSimulator.Build.0 = Release|Any CPU
		{AC987DEB-1A08-40BF-B996-360C7FDAEBDC}.Release|x64.ActiveCfg = Release|Any CPU
		{AC987DEB-1A08-40BF-B996-360C7FDAEBDC}.Release|x86.ActiveCfg = Release|Any CPU
		{651016A2-9700-4F09-A9DA-8D4563AC0C7B}.Ad-Hoc|Any CPU.ActiveCfg = Release|Any CPU
		{651016A2-9700-4F09-A9DA-8D4563AC0C7B}.Ad-Hoc|Any CPU.Build.0 = Release|Any CPU
		{651016A2-9700-4F09-A9DA-8D4563AC0C7B}.Ad-Hoc|ARM.ActiveCfg = Release|ARM
		{651016A2-9700-4F09-A9DA-8D4563AC0C7B}.Ad-Hoc|ARM.Build.0 = Release|ARM
		{651016A2-9700-4F09-A9DA-8D4563AC0C7B}.Ad-Hoc|iPhone.ActiveCfg = Release|Any CPU
		{651016A2-9700-4F09-A9DA-8D4563AC0C7B}.Ad-Hoc|iPhone.Build.0 = Release|Any CPU
		{651016A2-9700-4F09-A9DA-8D4563AC0C7B}.Ad-Hoc|iPhoneSimulator.ActiveCfg = Release|Any CPU
		{651016A2-9700-4F09-A9DA-8D4563AC0C7B}.Ad-Hoc|iPhoneSimulator.Build.0 = Release|Any CPU
		{651016A2-9700-4F09-A9DA-8D4563AC0C7B}.Ad-Hoc|x64.ActiveCfg = Release|x64
		{651016A2-9700-4F09-A9DA-8D4563AC0C7B}.Ad-Hoc|x64.Build.0 = Release|x64
		{651016A2-9700-4F09-A9DA-8D4563AC0C7B}.Ad-Hoc|x86.ActiveCfg = Release|x86
		{651016A2-9700-4F09-A9DA-8D4563AC0C7B}.Ad-Hoc|x86.Build.0 = Release|x86
		{651016A2-9700-4F09-A9DA-8D4563AC0C7B}.AppStore|Any CPU.ActiveCfg = Release|Any CPU
		{651016A2-9700-4F09-A9DA-8D4563AC0C7B}.AppStore|Any CPU.Build.0 = Release|Any CPU
		{651016A2-9700-4F09-A9DA-8D4563AC0C7B}.AppStore|ARM.ActiveCfg = Release|ARM
		{651016A2-9700-4F09-A9DA-8D4563AC0C7B}.AppStore|ARM.Build.0 = Release|ARM
		{651016A2-9700-4F09-A9DA-8D4563AC0C7B}.AppStore|iPhone.ActiveCfg = Release|Any CPU
		{651016A2-9700-4F09-A9DA-8D4563AC0C7B}.AppStore|iPhone.Build.0 = Release|Any CPU
		{651016A2-9700-4F09-A9DA-8D4563AC0C7B}.AppStore|iPhoneSimulator.ActiveCfg = Release|Any CPU
		{651016A2-9700-4F09-A9DA-8D4563AC0C7B}.AppStore|iPhoneSimulator.Build.0 = Release|Any CPU
		{651016A2-9700-4F09-A9DA-8D4563AC0C7B}.AppStore|x64.ActiveCfg = Release|x64
		{651016A2-9700-4F09-A9DA-8D4563AC0C7B}.AppStore|x64.Build.0 = Release|x64
		{651016A2-9700-4F09-A9DA-8D4563AC0C7B}.AppStore|x86.ActiveCfg = Release|x86
		{651016A2-9700-4F09-A9DA-8D4563AC0C7B}.AppStore|x86.Build.0 = Release|x86
		{651016A2-9700-4F09-A9DA-8D4563AC0C7B}.Debug|Any CPU.ActiveCfg = Debug|Any CPU
		{651016A2-9700-4F09-A9DA-8D4563AC0C7B}.Debug|Any CPU.Build.0 = Debug|Any CPU
		{651016A2-9700-4F09-A9DA-8D4563AC0C7B}.Debug|ARM.ActiveCfg = Debug|ARM
		{651016A2-9700-4F09-A9DA-8D4563AC0C7B}.Debug|ARM.Build.0 = Debug|ARM
		{651016A2-9700-4F09-A9DA-8D4563AC0C7B}.Debug|iPhone.ActiveCfg = Debug|Any CPU
		{651016A2-9700-4F09-A9DA-8D4563AC0C7B}.Debug|iPhone.Build.0 = Debug|Any CPU
		{651016A2-9700-4F09-A9DA-8D4563AC0C7B}.Debug|iPhoneSimulator.ActiveCfg = Debug|Any CPU
		{651016A2-9700-4F09-A9DA-8D4563AC0C7B}.Debug|iPhoneSimulator.Build.0 = Debug|Any CPU
		{651016A2-9700-4F09-A9DA-8D4563AC0C7B}.Debug|x64.ActiveCfg = Debug|x64
		{651016A2-9700-4F09-A9DA-8D4563AC0C7B}.Debug|x64.Build.0 = Debug|x64
		{651016A2-9700-4F09-A9DA-8D4563AC0C7B}.Debug|x86.ActiveCfg = Debug|x86
		{651016A2-9700-4F09-A9DA-8D4563AC0C7B}.Debug|x86.Build.0 = Debug|x86
		{651016A2-9700-4F09-A9DA-8D4563AC0C7B}.Release|Any CPU.ActiveCfg = Release|Any CPU
		{651016A2-9700-4F09-A9DA-8D4563AC0C7B}.Release|Any CPU.Build.0 = Release|Any CPU
		{651016A2-9700-4F09-A9DA-8D4563AC0C7B}.Release|ARM.ActiveCfg = Release|ARM
		{651016A2-9700-4F09-A9DA-8D4563AC0C7B}.Release|ARM.Build.0 = Release|ARM
		{651016A2-9700-4F09-A9DA-8D4563AC0C7B}.Release|iPhone.ActiveCfg = Release|Any CPU
		{651016A2-9700-4F09-A9DA-8D4563AC0C7B}.Release|iPhone.Build.0 = Release|Any CPU
		{651016A2-9700-4F09-A9DA-8D4563AC0C7B}.Release|iPhoneSimulator.ActiveCfg = Release|Any CPU
		{651016A2-9700-4F09-A9DA-8D4563AC0C7B}.Release|iPhoneSimulator.Build.0 = Release|Any CPU
		{651016A2-9700-4F09-A9DA-8D4563AC0C7B}.Release|x64.ActiveCfg = Release|x64
		{651016A2-9700-4F09-A9DA-8D4563AC0C7B}.Release|x64.Build.0 = Release|x64
		{651016A2-9700-4F09-A9DA-8D4563AC0C7B}.Release|x86.ActiveCfg = Release|x86
		{651016A2-9700-4F09-A9DA-8D4563AC0C7B}.Release|x86.Build.0 = Release|x86
		{0048EBA2-EF2B-4854-812A-76BA6C318845}.Ad-Hoc|Any CPU.ActiveCfg = Release|Any CPU
		{0048EBA2-EF2B-4854-812A-76BA6C318845}.Ad-Hoc|Any CPU.Build.0 = Release|Any CPU
		{0048EBA2-EF2B-4854-812A-76BA6C318845}.Ad-Hoc|ARM.ActiveCfg = Release|Any CPU
		{0048EBA2-EF2B-4854-812A-76BA6C318845}.Ad-Hoc|ARM.Build.0 = Release|Any CPU
		{0048EBA2-EF2B-4854-812A-76BA6C318845}.Ad-Hoc|iPhone.ActiveCfg = Release|Any CPU
		{0048EBA2-EF2B-4854-812A-76BA6C318845}.Ad-Hoc|iPhone.Build.0 = Release|Any CPU
		{0048EBA2-EF2B-4854-812A-76BA6C318845}.Ad-Hoc|iPhoneSimulator.ActiveCfg = Release|Any CPU
		{0048EBA2-EF2B-4854-812A-76BA6C318845}.Ad-Hoc|iPhoneSimulator.Build.0 = Release|Any CPU
		{0048EBA2-EF2B-4854-812A-76BA6C318845}.Ad-Hoc|x64.ActiveCfg = Release|Any CPU
		{0048EBA2-EF2B-4854-812A-76BA6C318845}.Ad-Hoc|x64.Build.0 = Release|Any CPU
		{0048EBA2-EF2B-4854-812A-76BA6C318845}.Ad-Hoc|x86.ActiveCfg = Release|Any CPU
		{0048EBA2-EF2B-4854-812A-76BA6C318845}.Ad-Hoc|x86.Build.0 = Release|Any CPU
		{0048EBA2-EF2B-4854-812A-76BA6C318845}.AppStore|Any CPU.ActiveCfg = Release|Any CPU
		{0048EBA2-EF2B-4854-812A-76BA6C318845}.AppStore|Any CPU.Build.0 = Release|Any CPU
		{0048EBA2-EF2B-4854-812A-76BA6C318845}.AppStore|ARM.ActiveCfg = Release|Any CPU
		{0048EBA2-EF2B-4854-812A-76BA6C318845}.AppStore|ARM.Build.0 = Release|Any CPU
		{0048EBA2-EF2B-4854-812A-76BA6C318845}.AppStore|iPhone.ActiveCfg = Release|Any CPU
		{0048EBA2-EF2B-4854-812A-76BA6C318845}.AppStore|iPhone.Build.0 = Release|Any CPU
		{0048EBA2-EF2B-4854-812A-76BA6C318845}.AppStore|iPhoneSimulator.ActiveCfg = Release|Any CPU
		{0048EBA2-EF2B-4854-812A-76BA6C318845}.AppStore|iPhoneSimulator.Build.0 = Release|Any CPU
		{0048EBA2-EF2B-4854-812A-76BA6C318845}.AppStore|x64.ActiveCfg = Release|Any CPU
		{0048EBA2-EF2B-4854-812A-76BA6C318845}.AppStore|x64.Build.0 = Release|Any CPU
		{0048EBA2-EF2B-4854-812A-76BA6C318845}.AppStore|x86.ActiveCfg = Release|Any CPU
		{0048EBA2-EF2B-4854-812A-76BA6C318845}.AppStore|x86.Build.0 = Release|Any CPU
		{0048EBA2-EF2B-4854-812A-76BA6C318845}.Debug|Any CPU.ActiveCfg = Debug|Any CPU
		{0048EBA2-EF2B-4854-812A-76BA6C318845}.Debug|Any CPU.Build.0 = Debug|Any CPU
		{0048EBA2-EF2B-4854-812A-76BA6C318845}.Debug|ARM.ActiveCfg = Debug|Any CPU
		{0048EBA2-EF2B-4854-812A-76BA6C318845}.Debug|ARM.Build.0 = Debug|Any CPU
		{0048EBA2-EF2B-4854-812A-76BA6C318845}.Debug|iPhone.ActiveCfg = Debug|Any CPU
		{0048EBA2-EF2B-4854-812A-76BA6C318845}.Debug|iPhone.Build.0 = Debug|Any CPU
		{0048EBA2-EF2B-4854-812A-76BA6C318845}.Debug|iPhoneSimulator.ActiveCfg = Debug|Any CPU
		{0048EBA2-EF2B-4854-812A-76BA6C318845}.Debug|iPhoneSimulator.Build.0 = Debug|Any CPU
		{0048EBA2-EF2B-4854-812A-76BA6C318845}.Debug|x64.ActiveCfg = Debug|Any CPU
		{0048EBA2-EF2B-4854-812A-76BA6C318845}.Debug|x64.Build.0 = Debug|Any CPU
		{0048EBA2-EF2B-4854-812A-76BA6C318845}.Debug|x86.ActiveCfg = Debug|Any CPU
		{0048EBA2-EF2B-4854-812A-76BA6C318845}.Debug|x86.Build.0 = Debug|Any CPU
		{0048EBA2-EF2B-4854-812A-76BA6C318845}.Release|Any CPU.ActiveCfg = Release|Any CPU
		{0048EBA2-EF2B-4854-812A-76BA6C318845}.Release|Any CPU.Build.0 = Release|Any CPU
		{0048EBA2-EF2B-4854-812A-76BA6C318845}.Release|ARM.ActiveCfg = Release|Any CPU
		{0048EBA2-EF2B-4854-812A-76BA6C318845}.Release|ARM.Build.0 = Release|Any CPU
		{0048EBA2-EF2B-4854-812A-76BA6C318845}.Release|iPhone.ActiveCfg = Release|Any CPU
		{0048EBA2-EF2B-4854-812A-76BA6C318845}.Release|iPhone.Build.0 = Release|Any CPU
		{0048EBA2-EF2B-4854-812A-76BA6C318845}.Release|iPhoneSimulator.ActiveCfg = Release|Any CPU
		{0048EBA2-EF2B-4854-812A-76BA6C318845}.Release|iPhoneSimulator.Build.0 = Release|Any CPU
		{0048EBA2-EF2B-4854-812A-76BA6C318845}.Release|x64.ActiveCfg = Release|Any CPU
		{0048EBA2-EF2B-4854-812A-76BA6C318845}.Release|x64.Build.0 = Release|Any CPU
		{0048EBA2-EF2B-4854-812A-76BA6C318845}.Release|x86.ActiveCfg = Release|Any CPU
		{0048EBA2-EF2B-4854-812A-76BA6C318845}.Release|x86.Build.0 = Release|Any CPU
		{E71F3053-056C-4381-9638-048ED73BDFF6}.Ad-Hoc|Any CPU.ActiveCfg = Release|Any CPU
		{E71F3053-056C-4381-9638-048ED73BDFF6}.Ad-Hoc|Any CPU.Build.0 = Release|Any CPU
		{E71F3053-056C-4381-9638-048ED73BDFF6}.Ad-Hoc|ARM.ActiveCfg = Release|Any CPU
		{E71F3053-056C-4381-9638-048ED73BDFF6}.Ad-Hoc|ARM.Build.0 = Release|Any CPU
		{E71F3053-056C-4381-9638-048ED73BDFF6}.Ad-Hoc|iPhone.ActiveCfg = Release|Any CPU
		{E71F3053-056C-4381-9638-048ED73BDFF6}.Ad-Hoc|iPhone.Build.0 = Release|Any CPU
		{E71F3053-056C-4381-9638-048ED73BDFF6}.Ad-Hoc|iPhoneSimulator.ActiveCfg = Release|Any CPU
		{E71F3053-056C-4381-9638-048ED73BDFF6}.Ad-Hoc|iPhoneSimulator.Build.0 = Release|Any CPU
		{E71F3053-056C-4381-9638-048ED73BDFF6}.Ad-Hoc|x64.ActiveCfg = Release|Any CPU
		{E71F3053-056C-4381-9638-048ED73BDFF6}.Ad-Hoc|x64.Build.0 = Release|Any CPU
		{E71F3053-056C-4381-9638-048ED73BDFF6}.Ad-Hoc|x86.ActiveCfg = Release|Any CPU
		{E71F3053-056C-4381-9638-048ED73BDFF6}.Ad-Hoc|x86.Build.0 = Release|Any CPU
		{E71F3053-056C-4381-9638-048ED73BDFF6}.AppStore|Any CPU.ActiveCfg = Release|Any CPU
		{E71F3053-056C-4381-9638-048ED73BDFF6}.AppStore|Any CPU.Build.0 = Release|Any CPU
		{E71F3053-056C-4381-9638-048ED73BDFF6}.AppStore|ARM.ActiveCfg = Release|Any CPU
		{E71F3053-056C-4381-9638-048ED73BDFF6}.AppStore|ARM.Build.0 = Release|Any CPU
		{E71F3053-056C-4381-9638-048ED73BDFF6}.AppStore|iPhone.ActiveCfg = Release|Any CPU
		{E71F3053-056C-4381-9638-048ED73BDFF6}.AppStore|iPhone.Build.0 = Release|Any CPU
		{E71F3053-056C-4381-9638-048ED73BDFF6}.AppStore|iPhoneSimulator.ActiveCfg = Release|Any CPU
		{E71F3053-056C-4381-9638-048ED73BDFF6}.AppStore|iPhoneSimulator.Build.0 = Release|Any CPU
		{E71F3053-056C-4381-9638-048ED73BDFF6}.AppStore|x64.ActiveCfg = Release|Any CPU
		{E71F3053-056C-4381-9638-048ED73BDFF6}.AppStore|x64.Build.0 = Release|Any CPU
		{E71F3053-056C-4381-9638-048ED73BDFF6}.AppStore|x86.ActiveCfg = Release|Any CPU
		{E71F3053-056C-4381-9638-048ED73BDFF6}.AppStore|x86.Build.0 = Release|Any CPU
		{E71F3053-056C-4381-9638-048ED73BDFF6}.Debug|Any CPU.ActiveCfg = Debug|Any CPU
		{E71F3053-056C-4381-9638-048ED73BDFF6}.Debug|Any CPU.Build.0 = Debug|Any CPU
		{E71F3053-056C-4381-9638-048ED73BDFF6}.Debug|ARM.ActiveCfg = Debug|Any CPU
		{E71F3053-056C-4381-9638-048ED73BDFF6}.Debug|ARM.Build.0 = Debug|Any CPU
		{E71F3053-056C-4381-9638-048ED73BDFF6}.Debug|iPhone.ActiveCfg = Debug|Any CPU
		{E71F3053-056C-4381-9638-048ED73BDFF6}.Debug|iPhone.Build.0 = Debug|Any CPU
		{E71F3053-056C-4381-9638-048ED73BDFF6}.Debug|iPhoneSimulator.ActiveCfg = Debug|Any CPU
		{E71F3053-056C-4381-9638-048ED73BDFF6}.Debug|iPhoneSimulator.Build.0 = Debug|Any CPU
		{E71F3053-056C-4381-9638-048ED73BDFF6}.Debug|x64.ActiveCfg = Debug|Any CPU
		{E71F3053-056C-4381-9638-048ED73BDFF6}.Debug|x64.Build.0 = Debug|Any CPU
		{E71F3053-056C-4381-9638-048ED73BDFF6}.Debug|x86.ActiveCfg = Debug|Any CPU
		{E71F3053-056C-4381-9638-048ED73BDFF6}.Debug|x86.Build.0 = Debug|Any CPU
		{E71F3053-056C-4381-9638-048ED73BDFF6}.Release|Any CPU.ActiveCfg = Release|Any CPU
		{E71F3053-056C-4381-9638-048ED73BDFF6}.Release|Any CPU.Build.0 = Release|Any CPU
		{E71F3053-056C-4381-9638-048ED73BDFF6}.Release|ARM.ActiveCfg = Release|Any CPU
		{E71F3053-056C-4381-9638-048ED73BDFF6}.Release|ARM.Build.0 = Release|Any CPU
		{E71F3053-056C-4381-9638-048ED73BDFF6}.Release|iPhone.ActiveCfg = Release|Any CPU
		{E71F3053-056C-4381-9638-048ED73BDFF6}.Release|iPhone.Build.0 = Release|Any CPU
		{E71F3053-056C-4381-9638-048ED73BDFF6}.Release|iPhoneSimulator.ActiveCfg = Release|Any CPU
		{E71F3053-056C-4381-9638-048ED73BDFF6}.Release|iPhoneSimulator.Build.0 = Release|Any CPU
		{E71F3053-056C-4381-9638-048ED73BDFF6}.Release|x64.ActiveCfg = Release|Any CPU
		{E71F3053-056C-4381-9638-048ED73BDFF6}.Release|x64.Build.0 = Release|Any CPU
		{E71F3053-056C-4381-9638-048ED73BDFF6}.Release|x86.ActiveCfg = Release|Any CPU
		{E71F3053-056C-4381-9638-048ED73BDFF6}.Release|x86.Build.0 = Release|Any CPU
		{92E8A8DF-7F7B-4978-B5CD-8AFB0E13CB49}.Ad-Hoc|Any CPU.ActiveCfg = Debug|Any CPU
		{92E8A8DF-7F7B-4978-B5CD-8AFB0E13CB49}.Ad-Hoc|Any CPU.Build.0 = Debug|Any CPU
		{92E8A8DF-7F7B-4978-B5CD-8AFB0E13CB49}.Ad-Hoc|ARM.ActiveCfg = Debug|Any CPU
		{92E8A8DF-7F7B-4978-B5CD-8AFB0E13CB49}.Ad-Hoc|ARM.Build.0 = Debug|Any CPU
		{92E8A8DF-7F7B-4978-B5CD-8AFB0E13CB49}.Ad-Hoc|iPhone.ActiveCfg = Debug|Any CPU
		{92E8A8DF-7F7B-4978-B5CD-8AFB0E13CB49}.Ad-Hoc|iPhone.Build.0 = Debug|Any CPU
		{92E8A8DF-7F7B-4978-B5CD-8AFB0E13CB49}.Ad-Hoc|iPhoneSimulator.ActiveCfg = Debug|Any CPU
		{92E8A8DF-7F7B-4978-B5CD-8AFB0E13CB49}.Ad-Hoc|iPhoneSimulator.Build.0 = Debug|Any CPU
		{92E8A8DF-7F7B-4978-B5CD-8AFB0E13CB49}.Ad-Hoc|x64.ActiveCfg = Debug|Any CPU
		{92E8A8DF-7F7B-4978-B5CD-8AFB0E13CB49}.Ad-Hoc|x64.Build.0 = Debug|Any CPU
		{92E8A8DF-7F7B-4978-B5CD-8AFB0E13CB49}.Ad-Hoc|x86.ActiveCfg = Debug|Any CPU
		{92E8A8DF-7F7B-4978-B5CD-8AFB0E13CB49}.Ad-Hoc|x86.Build.0 = Debug|Any CPU
		{92E8A8DF-7F7B-4978-B5CD-8AFB0E13CB49}.AppStore|Any CPU.ActiveCfg = Debug|Any CPU
		{92E8A8DF-7F7B-4978-B5CD-8AFB0E13CB49}.AppStore|Any CPU.Build.0 = Debug|Any CPU
		{92E8A8DF-7F7B-4978-B5CD-8AFB0E13CB49}.AppStore|ARM.ActiveCfg = Debug|Any CPU
		{92E8A8DF-7F7B-4978-B5CD-8AFB0E13CB49}.AppStore|ARM.Build.0 = Debug|Any CPU
		{92E8A8DF-7F7B-4978-B5CD-8AFB0E13CB49}.AppStore|iPhone.ActiveCfg = Debug|Any CPU
		{92E8A8DF-7F7B-4978-B5CD-8AFB0E13CB49}.AppStore|iPhone.Build.0 = Debug|Any CPU
		{92E8A8DF-7F7B-4978-B5CD-8AFB0E13CB49}.AppStore|iPhoneSimulator.ActiveCfg = Debug|Any CPU
		{92E8A8DF-7F7B-4978-B5CD-8AFB0E13CB49}.AppStore|iPhoneSimulator.Build.0 = Debug|Any CPU
		{92E8A8DF-7F7B-4978-B5CD-8AFB0E13CB49}.AppStore|x64.ActiveCfg = Debug|Any CPU
		{92E8A8DF-7F7B-4978-B5CD-8AFB0E13CB49}.AppStore|x64.Build.0 = Debug|Any CPU
		{92E8A8DF-7F7B-4978-B5CD-8AFB0E13CB49}.AppStore|x86.ActiveCfg = Debug|Any CPU
		{92E8A8DF-7F7B-4978-B5CD-8AFB0E13CB49}.AppStore|x86.Build.0 = Debug|Any CPU
		{92E8A8DF-7F7B-4978-B5CD-8AFB0E13CB49}.Debug|Any CPU.ActiveCfg = Debug|Any CPU
		{92E8A8DF-7F7B-4978-B5CD-8AFB0E13CB49}.Debug|Any CPU.Build.0 = Debug|Any CPU
		{92E8A8DF-7F7B-4978-B5CD-8AFB0E13CB49}.Debug|ARM.ActiveCfg = Debug|Any CPU
		{92E8A8DF-7F7B-4978-B5CD-8AFB0E13CB49}.Debug|ARM.Build.0 = Debug|Any CPU
		{92E8A8DF-7F7B-4978-B5CD-8AFB0E13CB49}.Debug|iPhone.ActiveCfg = Debug|Any CPU
		{92E8A8DF-7F7B-4978-B5CD-8AFB0E13CB49}.Debug|iPhone.Build.0 = Debug|Any CPU
		{92E8A8DF-7F7B-4978-B5CD-8AFB0E13CB49}.Debug|iPhoneSimulator.ActiveCfg = Debug|Any CPU
		{92E8A8DF-7F7B-4978-B5CD-8AFB0E13CB49}.Debug|iPhoneSimulator.Build.0 = Debug|Any CPU
		{92E8A8DF-7F7B-4978-B5CD-8AFB0E13CB49}.Debug|x64.ActiveCfg = Debug|Any CPU
		{92E8A8DF-7F7B-4978-B5CD-8AFB0E13CB49}.Debug|x64.Build.0 = Debug|Any CPU
		{92E8A8DF-7F7B-4978-B5CD-8AFB0E13CB49}.Debug|x86.ActiveCfg = Debug|Any CPU
		{92E8A8DF-7F7B-4978-B5CD-8AFB0E13CB49}.Debug|x86.Build.0 = Debug|Any CPU
		{92E8A8DF-7F7B-4978-B5CD-8AFB0E13CB49}.Release|Any CPU.ActiveCfg = Release|Any CPU
		{92E8A8DF-7F7B-4978-B5CD-8AFB0E13CB49}.Release|Any CPU.Build.0 = Release|Any CPU
		{92E8A8DF-7F7B-4978-B5CD-8AFB0E13CB49}.Release|ARM.ActiveCfg = Release|Any CPU
		{92E8A8DF-7F7B-4978-B5CD-8AFB0E13CB49}.Release|ARM.Build.0 = Release|Any CPU
		{92E8A8DF-7F7B-4978-B5CD-8AFB0E13CB49}.Release|iPhone.ActiveCfg = Release|Any CPU
		{92E8A8DF-7F7B-4978-B5CD-8AFB0E13CB49}.Release|iPhone.Build.0 = Release|Any CPU
		{92E8A8DF-7F7B-4978-B5CD-8AFB0E13CB49}.Release|iPhoneSimulator.ActiveCfg = Release|Any CPU
		{92E8A8DF-7F7B-4978-B5CD-8AFB0E13CB49}.Release|iPhoneSimulator.Build.0 = Release|Any CPU
		{92E8A8DF-7F7B-4978-B5CD-8AFB0E13CB49}.Release|x64.ActiveCfg = Release|Any CPU
		{92E8A8DF-7F7B-4978-B5CD-8AFB0E13CB49}.Release|x64.Build.0 = Release|Any CPU
		{92E8A8DF-7F7B-4978-B5CD-8AFB0E13CB49}.Release|x86.ActiveCfg = Release|Any CPU
		{92E8A8DF-7F7B-4978-B5CD-8AFB0E13CB49}.Release|x86.Build.0 = Release|Any CPU
		{145FBB92-FD2F-4C5B-8560-EC0830C8C271}.Ad-Hoc|Any CPU.ActiveCfg = Release|Any CPU
		{145FBB92-FD2F-4C5B-8560-EC0830C8C271}.Ad-Hoc|Any CPU.Build.0 = Release|Any CPU
		{145FBB92-FD2F-4C5B-8560-EC0830C8C271}.Ad-Hoc|ARM.ActiveCfg = Release|Any CPU
		{145FBB92-FD2F-4C5B-8560-EC0830C8C271}.Ad-Hoc|ARM.Build.0 = Release|Any CPU
		{145FBB92-FD2F-4C5B-8560-EC0830C8C271}.Ad-Hoc|iPhone.ActiveCfg = Release|Any CPU
		{145FBB92-FD2F-4C5B-8560-EC0830C8C271}.Ad-Hoc|iPhone.Build.0 = Release|Any CPU
		{145FBB92-FD2F-4C5B-8560-EC0830C8C271}.Ad-Hoc|iPhoneSimulator.ActiveCfg = Release|Any CPU
		{145FBB92-FD2F-4C5B-8560-EC0830C8C271}.Ad-Hoc|iPhoneSimulator.Build.0 = Release|Any CPU
		{145FBB92-FD2F-4C5B-8560-EC0830C8C271}.Ad-Hoc|x64.ActiveCfg = Release|Any CPU
		{145FBB92-FD2F-4C5B-8560-EC0830C8C271}.Ad-Hoc|x64.Build.0 = Release|Any CPU
		{145FBB92-FD2F-4C5B-8560-EC0830C8C271}.Ad-Hoc|x86.ActiveCfg = Release|Any CPU
		{145FBB92-FD2F-4C5B-8560-EC0830C8C271}.Ad-Hoc|x86.Build.0 = Release|Any CPU
		{145FBB92-FD2F-4C5B-8560-EC0830C8C271}.AppStore|Any CPU.ActiveCfg = Release|Any CPU
		{145FBB92-FD2F-4C5B-8560-EC0830C8C271}.AppStore|Any CPU.Build.0 = Release|Any CPU
		{145FBB92-FD2F-4C5B-8560-EC0830C8C271}.AppStore|ARM.ActiveCfg = Release|Any CPU
		{145FBB92-FD2F-4C5B-8560-EC0830C8C271}.AppStore|ARM.Build.0 = Release|Any CPU
		{145FBB92-FD2F-4C5B-8560-EC0830C8C271}.AppStore|iPhone.ActiveCfg = Release|Any CPU
		{145FBB92-FD2F-4C5B-8560-EC0830C8C271}.AppStore|iPhone.Build.0 = Release|Any CPU
		{145FBB92-FD2F-4C5B-8560-EC0830C8C271}.AppStore|iPhoneSimulator.ActiveCfg = Release|Any CPU
		{145FBB92-FD2F-4C5B-8560-EC0830C8C271}.AppStore|iPhoneSimulator.Build.0 = Release|Any CPU
		{145FBB92-FD2F-4C5B-8560-EC0830C8C271}.AppStore|x64.ActiveCfg = Release|Any CPU
		{145FBB92-FD2F-4C5B-8560-EC0830C8C271}.AppStore|x64.Build.0 = Release|Any CPU
		{145FBB92-FD2F-4C5B-8560-EC0830C8C271}.AppStore|x86.ActiveCfg = Release|Any CPU
		{145FBB92-FD2F-4C5B-8560-EC0830C8C271}.AppStore|x86.Build.0 = Release|Any CPU
		{145FBB92-FD2F-4C5B-8560-EC0830C8C271}.Debug|Any CPU.ActiveCfg = Debug|Any CPU
		{145FBB92-FD2F-4C5B-8560-EC0830C8C271}.Debug|Any CPU.Build.0 = Debug|Any CPU
		{145FBB92-FD2F-4C5B-8560-EC0830C8C271}.Debug|ARM.ActiveCfg = Debug|Any CPU
		{145FBB92-FD2F-4C5B-8560-EC0830C8C271}.Debug|ARM.Build.0 = Debug|Any CPU
		{145FBB92-FD2F-4C5B-8560-EC0830C8C271}.Debug|iPhone.ActiveCfg = Debug|Any CPU
		{145FBB92-FD2F-4C5B-8560-EC0830C8C271}.Debug|iPhone.Build.0 = Debug|Any CPU
		{145FBB92-FD2F-4C5B-8560-EC0830C8C271}.Debug|iPhoneSimulator.ActiveCfg = Debug|Any CPU
		{145FBB92-FD2F-4C5B-8560-EC0830C8C271}.Debug|iPhoneSimulator.Build.0 = Debug|Any CPU
		{145FBB92-FD2F-4C5B-8560-EC0830C8C271}.Debug|x64.ActiveCfg = Debug|Any CPU
		{145FBB92-FD2F-4C5B-8560-EC0830C8C271}.Debug|x64.Build.0 = Debug|Any CPU
		{145FBB92-FD2F-4C5B-8560-EC0830C8C271}.Debug|x86.ActiveCfg = Debug|Any CPU
		{145FBB92-FD2F-4C5B-8560-EC0830C8C271}.Debug|x86.Build.0 = Debug|Any CPU
		{145FBB92-FD2F-4C5B-8560-EC0830C8C271}.Release|Any CPU.ActiveCfg = Release|Any CPU
		{145FBB92-FD2F-4C5B-8560-EC0830C8C271}.Release|Any CPU.Build.0 = Release|Any CPU
		{145FBB92-FD2F-4C5B-8560-EC0830C8C271}.Release|ARM.ActiveCfg = Release|Any CPU
		{145FBB92-FD2F-4C5B-8560-EC0830C8C271}.Release|ARM.Build.0 = Release|Any CPU
		{145FBB92-FD2F-4C5B-8560-EC0830C8C271}.Release|iPhone.ActiveCfg = Release|Any CPU
		{145FBB92-FD2F-4C5B-8560-EC0830C8C271}.Release|iPhone.Build.0 = Release|Any CPU
		{145FBB92-FD2F-4C5B-8560-EC0830C8C271}.Release|iPhoneSimulator.ActiveCfg = Release|Any CPU
		{145FBB92-FD2F-4C5B-8560-EC0830C8C271}.Release|iPhoneSimulator.Build.0 = Release|Any CPU
		{145FBB92-FD2F-4C5B-8560-EC0830C8C271}.Release|x64.ActiveCfg = Release|Any CPU
		{145FBB92-FD2F-4C5B-8560-EC0830C8C271}.Release|x64.Build.0 = Release|Any CPU
		{145FBB92-FD2F-4C5B-8560-EC0830C8C271}.Release|x86.ActiveCfg = Release|Any CPU
		{145FBB92-FD2F-4C5B-8560-EC0830C8C271}.Release|x86.Build.0 = Release|Any CPU
		{4692E4BF-923C-4F12-AA83-5D7140BB71EB}.Ad-Hoc|Any CPU.ActiveCfg = Release|Any CPU
		{4692E4BF-923C-4F12-AA83-5D7140BB71EB}.Ad-Hoc|Any CPU.Build.0 = Release|Any CPU
		{4692E4BF-923C-4F12-AA83-5D7140BB71EB}.Ad-Hoc|ARM.ActiveCfg = Release|Any CPU
		{4692E4BF-923C-4F12-AA83-5D7140BB71EB}.Ad-Hoc|ARM.Build.0 = Release|Any CPU
		{4692E4BF-923C-4F12-AA83-5D7140BB71EB}.Ad-Hoc|iPhone.ActiveCfg = Release|Any CPU
		{4692E4BF-923C-4F12-AA83-5D7140BB71EB}.Ad-Hoc|iPhone.Build.0 = Release|Any CPU
		{4692E4BF-923C-4F12-AA83-5D7140BB71EB}.Ad-Hoc|iPhoneSimulator.ActiveCfg = Release|Any CPU
		{4692E4BF-923C-4F12-AA83-5D7140BB71EB}.Ad-Hoc|iPhoneSimulator.Build.0 = Release|Any CPU
		{4692E4BF-923C-4F12-AA83-5D7140BB71EB}.Ad-Hoc|x64.ActiveCfg = Release|Any CPU
		{4692E4BF-923C-4F12-AA83-5D7140BB71EB}.Ad-Hoc|x64.Build.0 = Release|Any CPU
		{4692E4BF-923C-4F12-AA83-5D7140BB71EB}.Ad-Hoc|x86.ActiveCfg = Release|Any CPU
		{4692E4BF-923C-4F12-AA83-5D7140BB71EB}.Ad-Hoc|x86.Build.0 = Release|Any CPU
		{4692E4BF-923C-4F12-AA83-5D7140BB71EB}.AppStore|Any CPU.ActiveCfg = Release|Any CPU
		{4692E4BF-923C-4F12-AA83-5D7140BB71EB}.AppStore|Any CPU.Build.0 = Release|Any CPU
		{4692E4BF-923C-4F12-AA83-5D7140BB71EB}.AppStore|ARM.ActiveCfg = Release|Any CPU
		{4692E4BF-923C-4F12-AA83-5D7140BB71EB}.AppStore|ARM.Build.0 = Release|Any CPU
		{4692E4BF-923C-4F12-AA83-5D7140BB71EB}.AppStore|iPhone.ActiveCfg = Release|Any CPU
		{4692E4BF-923C-4F12-AA83-5D7140BB71EB}.AppStore|iPhone.Build.0 = Release|Any CPU
		{4692E4BF-923C-4F12-AA83-5D7140BB71EB}.AppStore|iPhoneSimulator.ActiveCfg = Release|Any CPU
		{4692E4BF-923C-4F12-AA83-5D7140BB71EB}.AppStore|iPhoneSimulator.Build.0 = Release|Any CPU
		{4692E4BF-923C-4F12-AA83-5D7140BB71EB}.AppStore|x64.ActiveCfg = Release|Any CPU
		{4692E4BF-923C-4F12-AA83-5D7140BB71EB}.AppStore|x64.Build.0 = Release|Any CPU
		{4692E4BF-923C-4F12-AA83-5D7140BB71EB}.AppStore|x86.ActiveCfg = Release|Any CPU
		{4692E4BF-923C-4F12-AA83-5D7140BB71EB}.AppStore|x86.Build.0 = Release|Any CPU
		{4692E4BF-923C-4F12-AA83-5D7140BB71EB}.Debug|Any CPU.ActiveCfg = Debug|Any CPU
		{4692E4BF-923C-4F12-AA83-5D7140BB71EB}.Debug|Any CPU.Build.0 = Debug|Any CPU
		{4692E4BF-923C-4F12-AA83-5D7140BB71EB}.Debug|ARM.ActiveCfg = Debug|Any CPU
		{4692E4BF-923C-4F12-AA83-5D7140BB71EB}.Debug|ARM.Build.0 = Debug|Any CPU
		{4692E4BF-923C-4F12-AA83-5D7140BB71EB}.Debug|iPhone.ActiveCfg = Debug|Any CPU
		{4692E4BF-923C-4F12-AA83-5D7140BB71EB}.Debug|iPhone.Build.0 = Debug|Any CPU
		{4692E4BF-923C-4F12-AA83-5D7140BB71EB}.Debug|iPhoneSimulator.ActiveCfg = Debug|Any CPU
		{4692E4BF-923C-4F12-AA83-5D7140BB71EB}.Debug|iPhoneSimulator.Build.0 = Debug|Any CPU
		{4692E4BF-923C-4F12-AA83-5D7140BB71EB}.Debug|x64.ActiveCfg = Debug|Any CPU
		{4692E4BF-923C-4F12-AA83-5D7140BB71EB}.Debug|x64.Build.0 = Debug|Any CPU
		{4692E4BF-923C-4F12-AA83-5D7140BB71EB}.Debug|x86.ActiveCfg = Debug|Any CPU
		{4692E4BF-923C-4F12-AA83-5D7140BB71EB}.Debug|x86.Build.0 = Debug|Any CPU
		{4692E4BF-923C-4F12-AA83-5D7140BB71EB}.Release|Any CPU.ActiveCfg = Release|Any CPU
		{4692E4BF-923C-4F12-AA83-5D7140BB71EB}.Release|Any CPU.Build.0 = Release|Any CPU
		{4692E4BF-923C-4F12-AA83-5D7140BB71EB}.Release|ARM.ActiveCfg = Release|Any CPU
		{4692E4BF-923C-4F12-AA83-5D7140BB71EB}.Release|ARM.Build.0 = Release|Any CPU
		{4692E4BF-923C-4F12-AA83-5D7140BB71EB}.Release|iPhone.ActiveCfg = Release|Any CPU
		{4692E4BF-923C-4F12-AA83-5D7140BB71EB}.Release|iPhone.Build.0 = Release|Any CPU
		{4692E4BF-923C-4F12-AA83-5D7140BB71EB}.Release|iPhoneSimulator.ActiveCfg = Release|Any CPU
		{4692E4BF-923C-4F12-AA83-5D7140BB71EB}.Release|iPhoneSimulator.Build.0 = Release|Any CPU
		{4692E4BF-923C-4F12-AA83-5D7140BB71EB}.Release|x64.ActiveCfg = Release|Any CPU
		{4692E4BF-923C-4F12-AA83-5D7140BB71EB}.Release|x64.Build.0 = Release|Any CPU
		{4692E4BF-923C-4F12-AA83-5D7140BB71EB}.Release|x86.ActiveCfg = Release|Any CPU
		{4692E4BF-923C-4F12-AA83-5D7140BB71EB}.Release|x86.Build.0 = Release|Any CPU
		{59083A38-60A5-43CD-B78A-0148F08CC1CD}.Ad-Hoc|Any CPU.ActiveCfg = Release|Any CPU
		{59083A38-60A5-43CD-B78A-0148F08CC1CD}.Ad-Hoc|Any CPU.Build.0 = Release|Any CPU
		{59083A38-60A5-43CD-B78A-0148F08CC1CD}.Ad-Hoc|Any CPU.Deploy.0 = Release|Any CPU
		{59083A38-60A5-43CD-B78A-0148F08CC1CD}.Ad-Hoc|ARM.ActiveCfg = Release|Any CPU
		{59083A38-60A5-43CD-B78A-0148F08CC1CD}.Ad-Hoc|ARM.Build.0 = Release|Any CPU
		{59083A38-60A5-43CD-B78A-0148F08CC1CD}.Ad-Hoc|ARM.Deploy.0 = Release|Any CPU
		{59083A38-60A5-43CD-B78A-0148F08CC1CD}.Ad-Hoc|iPhone.ActiveCfg = Release|Any CPU
		{59083A38-60A5-43CD-B78A-0148F08CC1CD}.Ad-Hoc|iPhone.Build.0 = Release|Any CPU
		{59083A38-60A5-43CD-B78A-0148F08CC1CD}.Ad-Hoc|iPhone.Deploy.0 = Release|Any CPU
		{59083A38-60A5-43CD-B78A-0148F08CC1CD}.Ad-Hoc|iPhoneSimulator.ActiveCfg = Release|Any CPU
		{59083A38-60A5-43CD-B78A-0148F08CC1CD}.Ad-Hoc|iPhoneSimulator.Build.0 = Release|Any CPU
		{59083A38-60A5-43CD-B78A-0148F08CC1CD}.Ad-Hoc|iPhoneSimulator.Deploy.0 = Release|Any CPU
		{59083A38-60A5-43CD-B78A-0148F08CC1CD}.Ad-Hoc|x64.ActiveCfg = Release|Any CPU
		{59083A38-60A5-43CD-B78A-0148F08CC1CD}.Ad-Hoc|x64.Build.0 = Release|Any CPU
		{59083A38-60A5-43CD-B78A-0148F08CC1CD}.Ad-Hoc|x64.Deploy.0 = Release|Any CPU
		{59083A38-60A5-43CD-B78A-0148F08CC1CD}.Ad-Hoc|x86.ActiveCfg = Release|Any CPU
		{59083A38-60A5-43CD-B78A-0148F08CC1CD}.Ad-Hoc|x86.Build.0 = Release|Any CPU
		{59083A38-60A5-43CD-B78A-0148F08CC1CD}.Ad-Hoc|x86.Deploy.0 = Release|Any CPU
		{59083A38-60A5-43CD-B78A-0148F08CC1CD}.AppStore|Any CPU.ActiveCfg = Release|Any CPU
		{59083A38-60A5-43CD-B78A-0148F08CC1CD}.AppStore|Any CPU.Build.0 = Release|Any CPU
		{59083A38-60A5-43CD-B78A-0148F08CC1CD}.AppStore|Any CPU.Deploy.0 = Release|Any CPU
		{59083A38-60A5-43CD-B78A-0148F08CC1CD}.AppStore|ARM.ActiveCfg = Release|Any CPU
		{59083A38-60A5-43CD-B78A-0148F08CC1CD}.AppStore|ARM.Build.0 = Release|Any CPU
		{59083A38-60A5-43CD-B78A-0148F08CC1CD}.AppStore|ARM.Deploy.0 = Release|Any CPU
		{59083A38-60A5-43CD-B78A-0148F08CC1CD}.AppStore|iPhone.ActiveCfg = Release|Any CPU
		{59083A38-60A5-43CD-B78A-0148F08CC1CD}.AppStore|iPhone.Build.0 = Release|Any CPU
		{59083A38-60A5-43CD-B78A-0148F08CC1CD}.AppStore|iPhone.Deploy.0 = Release|Any CPU
		{59083A38-60A5-43CD-B78A-0148F08CC1CD}.AppStore|iPhoneSimulator.ActiveCfg = Release|Any CPU
		{59083A38-60A5-43CD-B78A-0148F08CC1CD}.AppStore|iPhoneSimulator.Build.0 = Release|Any CPU
		{59083A38-60A5-43CD-B78A-0148F08CC1CD}.AppStore|iPhoneSimulator.Deploy.0 = Release|Any CPU
		{59083A38-60A5-43CD-B78A-0148F08CC1CD}.AppStore|x64.ActiveCfg = Release|Any CPU
		{59083A38-60A5-43CD-B78A-0148F08CC1CD}.AppStore|x64.Build.0 = Release|Any CPU
		{59083A38-60A5-43CD-B78A-0148F08CC1CD}.AppStore|x64.Deploy.0 = Release|Any CPU
		{59083A38-60A5-43CD-B78A-0148F08CC1CD}.AppStore|x86.ActiveCfg = Release|Any CPU
		{59083A38-60A5-43CD-B78A-0148F08CC1CD}.AppStore|x86.Build.0 = Release|Any CPU
		{59083A38-60A5-43CD-B78A-0148F08CC1CD}.AppStore|x86.Deploy.0 = Release|Any CPU
		{59083A38-60A5-43CD-B78A-0148F08CC1CD}.Debug|Any CPU.ActiveCfg = Debug|Any CPU
		{59083A38-60A5-43CD-B78A-0148F08CC1CD}.Debug|Any CPU.Build.0 = Debug|Any CPU
		{59083A38-60A5-43CD-B78A-0148F08CC1CD}.Debug|Any CPU.Deploy.0 = Debug|Any CPU
		{59083A38-60A5-43CD-B78A-0148F08CC1CD}.Debug|ARM.ActiveCfg = Debug|Any CPU
		{59083A38-60A5-43CD-B78A-0148F08CC1CD}.Debug|ARM.Build.0 = Debug|Any CPU
		{59083A38-60A5-43CD-B78A-0148F08CC1CD}.Debug|ARM.Deploy.0 = Debug|Any CPU
		{59083A38-60A5-43CD-B78A-0148F08CC1CD}.Debug|iPhone.ActiveCfg = Debug|Any CPU
		{59083A38-60A5-43CD-B78A-0148F08CC1CD}.Debug|iPhone.Build.0 = Debug|Any CPU
		{59083A38-60A5-43CD-B78A-0148F08CC1CD}.Debug|iPhone.Deploy.0 = Debug|Any CPU
		{59083A38-60A5-43CD-B78A-0148F08CC1CD}.Debug|iPhoneSimulator.ActiveCfg = Debug|Any CPU
		{59083A38-60A5-43CD-B78A-0148F08CC1CD}.Debug|iPhoneSimulator.Build.0 = Debug|Any CPU
		{59083A38-60A5-43CD-B78A-0148F08CC1CD}.Debug|iPhoneSimulator.Deploy.0 = Debug|Any CPU
		{59083A38-60A5-43CD-B78A-0148F08CC1CD}.Debug|x64.ActiveCfg = Debug|Any CPU
		{59083A38-60A5-43CD-B78A-0148F08CC1CD}.Debug|x64.Build.0 = Debug|Any CPU
		{59083A38-60A5-43CD-B78A-0148F08CC1CD}.Debug|x64.Deploy.0 = Debug|Any CPU
		{59083A38-60A5-43CD-B78A-0148F08CC1CD}.Debug|x86.ActiveCfg = Debug|Any CPU
		{59083A38-60A5-43CD-B78A-0148F08CC1CD}.Debug|x86.Build.0 = Debug|Any CPU
		{59083A38-60A5-43CD-B78A-0148F08CC1CD}.Debug|x86.Deploy.0 = Debug|Any CPU
		{59083A38-60A5-43CD-B78A-0148F08CC1CD}.Release|Any CPU.ActiveCfg = Release|Any CPU
		{59083A38-60A5-43CD-B78A-0148F08CC1CD}.Release|Any CPU.Build.0 = Release|Any CPU
		{59083A38-60A5-43CD-B78A-0148F08CC1CD}.Release|Any CPU.Deploy.0 = Release|Any CPU
		{59083A38-60A5-43CD-B78A-0148F08CC1CD}.Release|ARM.ActiveCfg = Release|Any CPU
		{59083A38-60A5-43CD-B78A-0148F08CC1CD}.Release|ARM.Build.0 = Release|Any CPU
		{59083A38-60A5-43CD-B78A-0148F08CC1CD}.Release|ARM.Deploy.0 = Release|Any CPU
		{59083A38-60A5-43CD-B78A-0148F08CC1CD}.Release|iPhone.ActiveCfg = Release|Any CPU
		{59083A38-60A5-43CD-B78A-0148F08CC1CD}.Release|iPhone.Build.0 = Release|Any CPU
		{59083A38-60A5-43CD-B78A-0148F08CC1CD}.Release|iPhone.Deploy.0 = Release|Any CPU
		{59083A38-60A5-43CD-B78A-0148F08CC1CD}.Release|iPhoneSimulator.ActiveCfg = Release|Any CPU
		{59083A38-60A5-43CD-B78A-0148F08CC1CD}.Release|iPhoneSimulator.Build.0 = Release|Any CPU
		{59083A38-60A5-43CD-B78A-0148F08CC1CD}.Release|iPhoneSimulator.Deploy.0 = Release|Any CPU
		{59083A38-60A5-43CD-B78A-0148F08CC1CD}.Release|x64.ActiveCfg = Release|Any CPU
		{59083A38-60A5-43CD-B78A-0148F08CC1CD}.Release|x64.Build.0 = Release|Any CPU
		{59083A38-60A5-43CD-B78A-0148F08CC1CD}.Release|x64.Deploy.0 = Release|Any CPU
		{59083A38-60A5-43CD-B78A-0148F08CC1CD}.Release|x86.ActiveCfg = Release|Any CPU
		{59083A38-60A5-43CD-B78A-0148F08CC1CD}.Release|x86.Build.0 = Release|Any CPU
		{59083A38-60A5-43CD-B78A-0148F08CC1CD}.Release|x86.Deploy.0 = Release|Any CPU
		{86A26DB7-22AF-4EE8-8004-D61FE582D3B3}.Ad-Hoc|Any CPU.ActiveCfg = Ad-Hoc|iPhone
		{86A26DB7-22AF-4EE8-8004-D61FE582D3B3}.Ad-Hoc|ARM.ActiveCfg = Ad-Hoc|iPhone
		{86A26DB7-22AF-4EE8-8004-D61FE582D3B3}.Ad-Hoc|iPhone.ActiveCfg = Ad-Hoc|iPhone
		{86A26DB7-22AF-4EE8-8004-D61FE582D3B3}.Ad-Hoc|iPhone.Build.0 = Ad-Hoc|iPhone
		{86A26DB7-22AF-4EE8-8004-D61FE582D3B3}.Ad-Hoc|iPhoneSimulator.ActiveCfg = Ad-Hoc|iPhoneSimulator
		{86A26DB7-22AF-4EE8-8004-D61FE582D3B3}.Ad-Hoc|iPhoneSimulator.Build.0 = Ad-Hoc|iPhoneSimulator
		{86A26DB7-22AF-4EE8-8004-D61FE582D3B3}.Ad-Hoc|x64.ActiveCfg = Ad-Hoc|iPhone
		{86A26DB7-22AF-4EE8-8004-D61FE582D3B3}.Ad-Hoc|x86.ActiveCfg = Ad-Hoc|iPhone
		{86A26DB7-22AF-4EE8-8004-D61FE582D3B3}.AppStore|Any CPU.ActiveCfg = AppStore|iPhone
		{86A26DB7-22AF-4EE8-8004-D61FE582D3B3}.AppStore|ARM.ActiveCfg = AppStore|iPhone
		{86A26DB7-22AF-4EE8-8004-D61FE582D3B3}.AppStore|iPhone.ActiveCfg = AppStore|iPhone
		{86A26DB7-22AF-4EE8-8004-D61FE582D3B3}.AppStore|iPhone.Build.0 = AppStore|iPhone
		{86A26DB7-22AF-4EE8-8004-D61FE582D3B3}.AppStore|iPhoneSimulator.ActiveCfg = AppStore|iPhoneSimulator
		{86A26DB7-22AF-4EE8-8004-D61FE582D3B3}.AppStore|iPhoneSimulator.Build.0 = AppStore|iPhoneSimulator
		{86A26DB7-22AF-4EE8-8004-D61FE582D3B3}.AppStore|x64.ActiveCfg = AppStore|iPhone
		{86A26DB7-22AF-4EE8-8004-D61FE582D3B3}.AppStore|x86.ActiveCfg = AppStore|iPhone
		{86A26DB7-22AF-4EE8-8004-D61FE582D3B3}.Debug|Any CPU.ActiveCfg = Debug|iPhone
		{86A26DB7-22AF-4EE8-8004-D61FE582D3B3}.Debug|ARM.ActiveCfg = Debug|iPhone
		{86A26DB7-22AF-4EE8-8004-D61FE582D3B3}.Debug|iPhone.ActiveCfg = Debug|iPhone
		{86A26DB7-22AF-4EE8-8004-D61FE582D3B3}.Debug|iPhone.Build.0 = Debug|iPhone
		{86A26DB7-22AF-4EE8-8004-D61FE582D3B3}.Debug|iPhoneSimulator.ActiveCfg = Debug|iPhoneSimulator
		{86A26DB7-22AF-4EE8-8004-D61FE582D3B3}.Debug|iPhoneSimulator.Build.0 = Debug|iPhoneSimulator
		{86A26DB7-22AF-4EE8-8004-D61FE582D3B3}.Debug|x64.ActiveCfg = Debug|iPhone
		{86A26DB7-22AF-4EE8-8004-D61FE582D3B3}.Debug|x86.ActiveCfg = Debug|iPhone
		{86A26DB7-22AF-4EE8-8004-D61FE582D3B3}.Release|Any CPU.ActiveCfg = Release|iPhone
		{86A26DB7-22AF-4EE8-8004-D61FE582D3B3}.Release|ARM.ActiveCfg = Release|iPhone
		{86A26DB7-22AF-4EE8-8004-D61FE582D3B3}.Release|iPhone.ActiveCfg = Release|iPhone
		{86A26DB7-22AF-4EE8-8004-D61FE582D3B3}.Release|iPhone.Build.0 = Release|iPhone
		{86A26DB7-22AF-4EE8-8004-D61FE582D3B3}.Release|iPhoneSimulator.ActiveCfg = Release|iPhoneSimulator
		{86A26DB7-22AF-4EE8-8004-D61FE582D3B3}.Release|iPhoneSimulator.Build.0 = Release|iPhoneSimulator
		{86A26DB7-22AF-4EE8-8004-D61FE582D3B3}.Release|x64.ActiveCfg = Release|iPhone
		{86A26DB7-22AF-4EE8-8004-D61FE582D3B3}.Release|x86.ActiveCfg = Release|iPhone
		{472D7475-BB2E-42FF-8ED3-AC83C4F17FFC}.Ad-Hoc|Any CPU.ActiveCfg = Debug|Any CPU
		{472D7475-BB2E-42FF-8ED3-AC83C4F17FFC}.Ad-Hoc|Any CPU.Build.0 = Debug|Any CPU
		{472D7475-BB2E-42FF-8ED3-AC83C4F17FFC}.Ad-Hoc|ARM.ActiveCfg = Debug|Any CPU
		{472D7475-BB2E-42FF-8ED3-AC83C4F17FFC}.Ad-Hoc|ARM.Build.0 = Debug|Any CPU
		{472D7475-BB2E-42FF-8ED3-AC83C4F17FFC}.Ad-Hoc|iPhone.ActiveCfg = Debug|Any CPU
		{472D7475-BB2E-42FF-8ED3-AC83C4F17FFC}.Ad-Hoc|iPhone.Build.0 = Debug|Any CPU
		{472D7475-BB2E-42FF-8ED3-AC83C4F17FFC}.Ad-Hoc|iPhoneSimulator.ActiveCfg = Debug|Any CPU
		{472D7475-BB2E-42FF-8ED3-AC83C4F17FFC}.Ad-Hoc|iPhoneSimulator.Build.0 = Debug|Any CPU
		{472D7475-BB2E-42FF-8ED3-AC83C4F17FFC}.Ad-Hoc|x64.ActiveCfg = Debug|Any CPU
		{472D7475-BB2E-42FF-8ED3-AC83C4F17FFC}.Ad-Hoc|x64.Build.0 = Debug|Any CPU
		{472D7475-BB2E-42FF-8ED3-AC83C4F17FFC}.Ad-Hoc|x86.ActiveCfg = Debug|Any CPU
		{472D7475-BB2E-42FF-8ED3-AC83C4F17FFC}.Ad-Hoc|x86.Build.0 = Debug|Any CPU
		{472D7475-BB2E-42FF-8ED3-AC83C4F17FFC}.AppStore|Any CPU.ActiveCfg = Debug|Any CPU
		{472D7475-BB2E-42FF-8ED3-AC83C4F17FFC}.AppStore|Any CPU.Build.0 = Debug|Any CPU
		{472D7475-BB2E-42FF-8ED3-AC83C4F17FFC}.AppStore|ARM.ActiveCfg = Debug|Any CPU
		{472D7475-BB2E-42FF-8ED3-AC83C4F17FFC}.AppStore|ARM.Build.0 = Debug|Any CPU
		{472D7475-BB2E-42FF-8ED3-AC83C4F17FFC}.AppStore|iPhone.ActiveCfg = Debug|Any CPU
		{472D7475-BB2E-42FF-8ED3-AC83C4F17FFC}.AppStore|iPhone.Build.0 = Debug|Any CPU
		{472D7475-BB2E-42FF-8ED3-AC83C4F17FFC}.AppStore|iPhoneSimulator.ActiveCfg = Debug|Any CPU
		{472D7475-BB2E-42FF-8ED3-AC83C4F17FFC}.AppStore|iPhoneSimulator.Build.0 = Debug|Any CPU
		{472D7475-BB2E-42FF-8ED3-AC83C4F17FFC}.AppStore|x64.ActiveCfg = Debug|Any CPU
		{472D7475-BB2E-42FF-8ED3-AC83C4F17FFC}.AppStore|x64.Build.0 = Debug|Any CPU
		{472D7475-BB2E-42FF-8ED3-AC83C4F17FFC}.AppStore|x86.ActiveCfg = Debug|Any CPU
		{472D7475-BB2E-42FF-8ED3-AC83C4F17FFC}.AppStore|x86.Build.0 = Debug|Any CPU
		{472D7475-BB2E-42FF-8ED3-AC83C4F17FFC}.Debug|Any CPU.ActiveCfg = Debug|Any CPU
		{472D7475-BB2E-42FF-8ED3-AC83C4F17FFC}.Debug|Any CPU.Build.0 = Debug|Any CPU
		{472D7475-BB2E-42FF-8ED3-AC83C4F17FFC}.Debug|ARM.ActiveCfg = Debug|Any CPU
		{472D7475-BB2E-42FF-8ED3-AC83C4F17FFC}.Debug|ARM.Build.0 = Debug|Any CPU
		{472D7475-BB2E-42FF-8ED3-AC83C4F17FFC}.Debug|iPhone.ActiveCfg = Debug|Any CPU
		{472D7475-BB2E-42FF-8ED3-AC83C4F17FFC}.Debug|iPhone.Build.0 = Debug|Any CPU
		{472D7475-BB2E-42FF-8ED3-AC83C4F17FFC}.Debug|iPhoneSimulator.ActiveCfg = Debug|Any CPU
		{472D7475-BB2E-42FF-8ED3-AC83C4F17FFC}.Debug|iPhoneSimulator.Build.0 = Debug|Any CPU
		{472D7475-BB2E-42FF-8ED3-AC83C4F17FFC}.Debug|x64.ActiveCfg = Debug|Any CPU
		{472D7475-BB2E-42FF-8ED3-AC83C4F17FFC}.Debug|x64.Build.0 = Debug|Any CPU
		{472D7475-BB2E-42FF-8ED3-AC83C4F17FFC}.Debug|x86.ActiveCfg = Debug|Any CPU
		{472D7475-BB2E-42FF-8ED3-AC83C4F17FFC}.Debug|x86.Build.0 = Debug|Any CPU
		{472D7475-BB2E-42FF-8ED3-AC83C4F17FFC}.Release|Any CPU.ActiveCfg = Release|Any CPU
		{472D7475-BB2E-42FF-8ED3-AC83C4F17FFC}.Release|Any CPU.Build.0 = Release|Any CPU
		{472D7475-BB2E-42FF-8ED3-AC83C4F17FFC}.Release|ARM.ActiveCfg = Release|Any CPU
		{472D7475-BB2E-42FF-8ED3-AC83C4F17FFC}.Release|ARM.Build.0 = Release|Any CPU
		{472D7475-BB2E-42FF-8ED3-AC83C4F17FFC}.Release|iPhone.ActiveCfg = Release|Any CPU
		{472D7475-BB2E-42FF-8ED3-AC83C4F17FFC}.Release|iPhone.Build.0 = Release|Any CPU
		{472D7475-BB2E-42FF-8ED3-AC83C4F17FFC}.Release|iPhoneSimulator.ActiveCfg = Release|Any CPU
		{472D7475-BB2E-42FF-8ED3-AC83C4F17FFC}.Release|iPhoneSimulator.Build.0 = Release|Any CPU
		{472D7475-BB2E-42FF-8ED3-AC83C4F17FFC}.Release|x64.ActiveCfg = Release|Any CPU
		{472D7475-BB2E-42FF-8ED3-AC83C4F17FFC}.Release|x64.Build.0 = Release|Any CPU
		{472D7475-BB2E-42FF-8ED3-AC83C4F17FFC}.Release|x86.ActiveCfg = Release|Any CPU
		{472D7475-BB2E-42FF-8ED3-AC83C4F17FFC}.Release|x86.Build.0 = Release|Any CPU
		{52998B1B-C9CD-4985-BE01-DDB432E7D98A}.Ad-Hoc|Any CPU.ActiveCfg = Debug|Any CPU
		{52998B1B-C9CD-4985-BE01-DDB432E7D98A}.Ad-Hoc|Any CPU.Build.0 = Debug|Any CPU
		{52998B1B-C9CD-4985-BE01-DDB432E7D98A}.Ad-Hoc|ARM.ActiveCfg = Debug|Any CPU
		{52998B1B-C9CD-4985-BE01-DDB432E7D98A}.Ad-Hoc|ARM.Build.0 = Debug|Any CPU
		{52998B1B-C9CD-4985-BE01-DDB432E7D98A}.Ad-Hoc|iPhone.ActiveCfg = Debug|Any CPU
		{52998B1B-C9CD-4985-BE01-DDB432E7D98A}.Ad-Hoc|iPhone.Build.0 = Debug|Any CPU
		{52998B1B-C9CD-4985-BE01-DDB432E7D98A}.Ad-Hoc|iPhoneSimulator.ActiveCfg = Debug|Any CPU
		{52998B1B-C9CD-4985-BE01-DDB432E7D98A}.Ad-Hoc|iPhoneSimulator.Build.0 = Debug|Any CPU
		{52998B1B-C9CD-4985-BE01-DDB432E7D98A}.Ad-Hoc|x64.ActiveCfg = Debug|Any CPU
		{52998B1B-C9CD-4985-BE01-DDB432E7D98A}.Ad-Hoc|x64.Build.0 = Debug|Any CPU
		{52998B1B-C9CD-4985-BE01-DDB432E7D98A}.Ad-Hoc|x86.ActiveCfg = Debug|Any CPU
		{52998B1B-C9CD-4985-BE01-DDB432E7D98A}.Ad-Hoc|x86.Build.0 = Debug|Any CPU
		{52998B1B-C9CD-4985-BE01-DDB432E7D98A}.AppStore|Any CPU.ActiveCfg = Debug|Any CPU
		{52998B1B-C9CD-4985-BE01-DDB432E7D98A}.AppStore|Any CPU.Build.0 = Debug|Any CPU
		{52998B1B-C9CD-4985-BE01-DDB432E7D98A}.AppStore|ARM.ActiveCfg = Debug|Any CPU
		{52998B1B-C9CD-4985-BE01-DDB432E7D98A}.AppStore|ARM.Build.0 = Debug|Any CPU
		{52998B1B-C9CD-4985-BE01-DDB432E7D98A}.AppStore|iPhone.ActiveCfg = Debug|Any CPU
		{52998B1B-C9CD-4985-BE01-DDB432E7D98A}.AppStore|iPhone.Build.0 = Debug|Any CPU
		{52998B1B-C9CD-4985-BE01-DDB432E7D98A}.AppStore|iPhoneSimulator.ActiveCfg = Debug|Any CPU
		{52998B1B-C9CD-4985-BE01-DDB432E7D98A}.AppStore|iPhoneSimulator.Build.0 = Debug|Any CPU
		{52998B1B-C9CD-4985-BE01-DDB432E7D98A}.AppStore|x64.ActiveCfg = Debug|Any CPU
		{52998B1B-C9CD-4985-BE01-DDB432E7D98A}.AppStore|x64.Build.0 = Debug|Any CPU
		{52998B1B-C9CD-4985-BE01-DDB432E7D98A}.AppStore|x86.ActiveCfg = Debug|Any CPU
		{52998B1B-C9CD-4985-BE01-DDB432E7D98A}.AppStore|x86.Build.0 = Debug|Any CPU
		{52998B1B-C9CD-4985-BE01-DDB432E7D98A}.Debug|Any CPU.ActiveCfg = Debug|Any CPU
		{52998B1B-C9CD-4985-BE01-DDB432E7D98A}.Debug|Any CPU.Build.0 = Debug|Any CPU
		{52998B1B-C9CD-4985-BE01-DDB432E7D98A}.Debug|ARM.ActiveCfg = Debug|Any CPU
		{52998B1B-C9CD-4985-BE01-DDB432E7D98A}.Debug|ARM.Build.0 = Debug|Any CPU
		{52998B1B-C9CD-4985-BE01-DDB432E7D98A}.Debug|iPhone.ActiveCfg = Debug|Any CPU
		{52998B1B-C9CD-4985-BE01-DDB432E7D98A}.Debug|iPhone.Build.0 = Debug|Any CPU
		{52998B1B-C9CD-4985-BE01-DDB432E7D98A}.Debug|iPhoneSimulator.ActiveCfg = Debug|Any CPU
		{52998B1B-C9CD-4985-BE01-DDB432E7D98A}.Debug|iPhoneSimulator.Build.0 = Debug|Any CPU
		{52998B1B-C9CD-4985-BE01-DDB432E7D98A}.Debug|x64.ActiveCfg = Debug|Any CPU
		{52998B1B-C9CD-4985-BE01-DDB432E7D98A}.Debug|x64.Build.0 = Debug|Any CPU
		{52998B1B-C9CD-4985-BE01-DDB432E7D98A}.Debug|x86.ActiveCfg = Debug|Any CPU
		{52998B1B-C9CD-4985-BE01-DDB432E7D98A}.Debug|x86.Build.0 = Debug|Any CPU
		{52998B1B-C9CD-4985-BE01-DDB432E7D98A}.Release|Any CPU.ActiveCfg = Release|Any CPU
		{52998B1B-C9CD-4985-BE01-DDB432E7D98A}.Release|Any CPU.Build.0 = Release|Any CPU
		{52998B1B-C9CD-4985-BE01-DDB432E7D98A}.Release|ARM.ActiveCfg = Release|Any CPU
		{52998B1B-C9CD-4985-BE01-DDB432E7D98A}.Release|ARM.Build.0 = Release|Any CPU
		{52998B1B-C9CD-4985-BE01-DDB432E7D98A}.Release|iPhone.ActiveCfg = Release|Any CPU
		{52998B1B-C9CD-4985-BE01-DDB432E7D98A}.Release|iPhone.Build.0 = Release|Any CPU
		{52998B1B-C9CD-4985-BE01-DDB432E7D98A}.Release|iPhoneSimulator.ActiveCfg = Release|Any CPU
		{52998B1B-C9CD-4985-BE01-DDB432E7D98A}.Release|iPhoneSimulator.Build.0 = Release|Any CPU
		{52998B1B-C9CD-4985-BE01-DDB432E7D98A}.Release|x64.ActiveCfg = Release|Any CPU
		{52998B1B-C9CD-4985-BE01-DDB432E7D98A}.Release|x64.Build.0 = Release|Any CPU
		{52998B1B-C9CD-4985-BE01-DDB432E7D98A}.Release|x86.ActiveCfg = Release|Any CPU
		{52998B1B-C9CD-4985-BE01-DDB432E7D98A}.Release|x86.Build.0 = Release|Any CPU
		{79D586BA-B455-4B84-994B-3DE2AD2FFF04}.Ad-Hoc|Any CPU.ActiveCfg = Release|Any CPU
		{79D586BA-B455-4B84-994B-3DE2AD2FFF04}.Ad-Hoc|Any CPU.Build.0 = Release|Any CPU
		{79D586BA-B455-4B84-994B-3DE2AD2FFF04}.Ad-Hoc|ARM.ActiveCfg = Release|Any CPU
		{79D586BA-B455-4B84-994B-3DE2AD2FFF04}.Ad-Hoc|ARM.Build.0 = Release|Any CPU
		{79D586BA-B455-4B84-994B-3DE2AD2FFF04}.Ad-Hoc|iPhone.ActiveCfg = Release|Any CPU
		{79D586BA-B455-4B84-994B-3DE2AD2FFF04}.Ad-Hoc|iPhone.Build.0 = Release|Any CPU
		{79D586BA-B455-4B84-994B-3DE2AD2FFF04}.Ad-Hoc|iPhoneSimulator.ActiveCfg = Release|Any CPU
		{79D586BA-B455-4B84-994B-3DE2AD2FFF04}.Ad-Hoc|iPhoneSimulator.Build.0 = Release|Any CPU
		{79D586BA-B455-4B84-994B-3DE2AD2FFF04}.Ad-Hoc|x64.ActiveCfg = Release|Any CPU
		{79D586BA-B455-4B84-994B-3DE2AD2FFF04}.Ad-Hoc|x64.Build.0 = Release|Any CPU
		{79D586BA-B455-4B84-994B-3DE2AD2FFF04}.Ad-Hoc|x86.ActiveCfg = Release|Any CPU
		{79D586BA-B455-4B84-994B-3DE2AD2FFF04}.Ad-Hoc|x86.Build.0 = Release|Any CPU
		{79D586BA-B455-4B84-994B-3DE2AD2FFF04}.AppStore|Any CPU.ActiveCfg = Release|Any CPU
		{79D586BA-B455-4B84-994B-3DE2AD2FFF04}.AppStore|Any CPU.Build.0 = Release|Any CPU
		{79D586BA-B455-4B84-994B-3DE2AD2FFF04}.AppStore|ARM.ActiveCfg = Release|Any CPU
		{79D586BA-B455-4B84-994B-3DE2AD2FFF04}.AppStore|ARM.Build.0 = Release|Any CPU
		{79D586BA-B455-4B84-994B-3DE2AD2FFF04}.AppStore|iPhone.ActiveCfg = Release|Any CPU
		{79D586BA-B455-4B84-994B-3DE2AD2FFF04}.AppStore|iPhone.Build.0 = Release|Any CPU
		{79D586BA-B455-4B84-994B-3DE2AD2FFF04}.AppStore|iPhoneSimulator.ActiveCfg = Release|Any CPU
		{79D586BA-B455-4B84-994B-3DE2AD2FFF04}.AppStore|iPhoneSimulator.Build.0 = Release|Any CPU
		{79D586BA-B455-4B84-994B-3DE2AD2FFF04}.AppStore|x64.ActiveCfg = Release|Any CPU
		{79D586BA-B455-4B84-994B-3DE2AD2FFF04}.AppStore|x64.Build.0 = Release|Any CPU
		{79D586BA-B455-4B84-994B-3DE2AD2FFF04}.AppStore|x86.ActiveCfg = Release|Any CPU
		{79D586BA-B455-4B84-994B-3DE2AD2FFF04}.AppStore|x86.Build.0 = Release|Any CPU
		{79D586BA-B455-4B84-994B-3DE2AD2FFF04}.Debug|Any CPU.ActiveCfg = Debug|Any CPU
		{79D586BA-B455-4B84-994B-3DE2AD2FFF04}.Debug|Any CPU.Build.0 = Debug|Any CPU
		{79D586BA-B455-4B84-994B-3DE2AD2FFF04}.Debug|ARM.ActiveCfg = Debug|Any CPU
		{79D586BA-B455-4B84-994B-3DE2AD2FFF04}.Debug|ARM.Build.0 = Debug|Any CPU
		{79D586BA-B455-4B84-994B-3DE2AD2FFF04}.Debug|iPhone.ActiveCfg = Debug|Any CPU
		{79D586BA-B455-4B84-994B-3DE2AD2FFF04}.Debug|iPhone.Build.0 = Debug|Any CPU
		{79D586BA-B455-4B84-994B-3DE2AD2FFF04}.Debug|iPhoneSimulator.ActiveCfg = Debug|Any CPU
		{79D586BA-B455-4B84-994B-3DE2AD2FFF04}.Debug|iPhoneSimulator.Build.0 = Debug|Any CPU
		{79D586BA-B455-4B84-994B-3DE2AD2FFF04}.Debug|x64.ActiveCfg = Debug|Any CPU
		{79D586BA-B455-4B84-994B-3DE2AD2FFF04}.Debug|x64.Build.0 = Debug|Any CPU
		{79D586BA-B455-4B84-994B-3DE2AD2FFF04}.Debug|x86.ActiveCfg = Debug|Any CPU
		{79D586BA-B455-4B84-994B-3DE2AD2FFF04}.Debug|x86.Build.0 = Debug|Any CPU
		{79D586BA-B455-4B84-994B-3DE2AD2FFF04}.Release|Any CPU.ActiveCfg = Release|Any CPU
		{79D586BA-B455-4B84-994B-3DE2AD2FFF04}.Release|Any CPU.Build.0 = Release|Any CPU
		{79D586BA-B455-4B84-994B-3DE2AD2FFF04}.Release|ARM.ActiveCfg = Release|Any CPU
		{79D586BA-B455-4B84-994B-3DE2AD2FFF04}.Release|ARM.Build.0 = Release|Any CPU
		{79D586BA-B455-4B84-994B-3DE2AD2FFF04}.Release|iPhone.ActiveCfg = Release|Any CPU
		{79D586BA-B455-4B84-994B-3DE2AD2FFF04}.Release|iPhone.Build.0 = Release|Any CPU
		{79D586BA-B455-4B84-994B-3DE2AD2FFF04}.Release|iPhoneSimulator.ActiveCfg = Release|Any CPU
		{79D586BA-B455-4B84-994B-3DE2AD2FFF04}.Release|iPhoneSimulator.Build.0 = Release|Any CPU
		{79D586BA-B455-4B84-994B-3DE2AD2FFF04}.Release|x64.ActiveCfg = Release|Any CPU
		{79D586BA-B455-4B84-994B-3DE2AD2FFF04}.Release|x64.Build.0 = Release|Any CPU
		{79D586BA-B455-4B84-994B-3DE2AD2FFF04}.Release|x86.ActiveCfg = Release|Any CPU
		{79D586BA-B455-4B84-994B-3DE2AD2FFF04}.Release|x86.Build.0 = Release|Any CPU
		{9E1E031D-D2BF-4D40-B867-D5439D204326}.Ad-Hoc|Any CPU.ActiveCfg = Debug|Any CPU
		{9E1E031D-D2BF-4D40-B867-D5439D204326}.Ad-Hoc|Any CPU.Build.0 = Debug|Any CPU
		{9E1E031D-D2BF-4D40-B867-D5439D204326}.Ad-Hoc|ARM.ActiveCfg = Debug|Any CPU
		{9E1E031D-D2BF-4D40-B867-D5439D204326}.Ad-Hoc|ARM.Build.0 = Debug|Any CPU
		{9E1E031D-D2BF-4D40-B867-D5439D204326}.Ad-Hoc|iPhone.ActiveCfg = Debug|Any CPU
		{9E1E031D-D2BF-4D40-B867-D5439D204326}.Ad-Hoc|iPhone.Build.0 = Debug|Any CPU
		{9E1E031D-D2BF-4D40-B867-D5439D204326}.Ad-Hoc|iPhoneSimulator.ActiveCfg = Debug|Any CPU
		{9E1E031D-D2BF-4D40-B867-D5439D204326}.Ad-Hoc|iPhoneSimulator.Build.0 = Debug|Any CPU
		{9E1E031D-D2BF-4D40-B867-D5439D204326}.Ad-Hoc|x64.ActiveCfg = Debug|Any CPU
		{9E1E031D-D2BF-4D40-B867-D5439D204326}.Ad-Hoc|x64.Build.0 = Debug|Any CPU
		{9E1E031D-D2BF-4D40-B867-D5439D204326}.Ad-Hoc|x86.ActiveCfg = Debug|Any CPU
		{9E1E031D-D2BF-4D40-B867-D5439D204326}.Ad-Hoc|x86.Build.0 = Debug|Any CPU
		{9E1E031D-D2BF-4D40-B867-D5439D204326}.AppStore|Any CPU.ActiveCfg = Debug|Any CPU
		{9E1E031D-D2BF-4D40-B867-D5439D204326}.AppStore|Any CPU.Build.0 = Debug|Any CPU
		{9E1E031D-D2BF-4D40-B867-D5439D204326}.AppStore|ARM.ActiveCfg = Debug|Any CPU
		{9E1E031D-D2BF-4D40-B867-D5439D204326}.AppStore|ARM.Build.0 = Debug|Any CPU
		{9E1E031D-D2BF-4D40-B867-D5439D204326}.AppStore|iPhone.ActiveCfg = Debug|Any CPU
		{9E1E031D-D2BF-4D40-B867-D5439D204326}.AppStore|iPhone.Build.0 = Debug|Any CPU
		{9E1E031D-D2BF-4D40-B867-D5439D204326}.AppStore|iPhoneSimulator.ActiveCfg = Debug|Any CPU
		{9E1E031D-D2BF-4D40-B867-D5439D204326}.AppStore|iPhoneSimulator.Build.0 = Debug|Any CPU
		{9E1E031D-D2BF-4D40-B867-D5439D204326}.AppStore|x64.ActiveCfg = Debug|Any CPU
		{9E1E031D-D2BF-4D40-B867-D5439D204326}.AppStore|x64.Build.0 = Debug|Any CPU
		{9E1E031D-D2BF-4D40-B867-D5439D204326}.AppStore|x86.ActiveCfg = Debug|Any CPU
		{9E1E031D-D2BF-4D40-B867-D5439D204326}.AppStore|x86.Build.0 = Debug|Any CPU
		{9E1E031D-D2BF-4D40-B867-D5439D204326}.Debug|Any CPU.ActiveCfg = Debug|Any CPU
		{9E1E031D-D2BF-4D40-B867-D5439D204326}.Debug|Any CPU.Build.0 = Debug|Any CPU
		{9E1E031D-D2BF-4D40-B867-D5439D204326}.Debug|ARM.ActiveCfg = Debug|Any CPU
		{9E1E031D-D2BF-4D40-B867-D5439D204326}.Debug|ARM.Build.0 = Debug|Any CPU
		{9E1E031D-D2BF-4D40-B867-D5439D204326}.Debug|iPhone.ActiveCfg = Debug|Any CPU
		{9E1E031D-D2BF-4D40-B867-D5439D204326}.Debug|iPhone.Build.0 = Debug|Any CPU
		{9E1E031D-D2BF-4D40-B867-D5439D204326}.Debug|iPhoneSimulator.ActiveCfg = Debug|Any CPU
		{9E1E031D-D2BF-4D40-B867-D5439D204326}.Debug|iPhoneSimulator.Build.0 = Debug|Any CPU
		{9E1E031D-D2BF-4D40-B867-D5439D204326}.Debug|x64.ActiveCfg = Debug|Any CPU
		{9E1E031D-D2BF-4D40-B867-D5439D204326}.Debug|x64.Build.0 = Debug|Any CPU
		{9E1E031D-D2BF-4D40-B867-D5439D204326}.Debug|x86.ActiveCfg = Debug|Any CPU
		{9E1E031D-D2BF-4D40-B867-D5439D204326}.Debug|x86.Build.0 = Debug|Any CPU
		{9E1E031D-D2BF-4D40-B867-D5439D204326}.Release|Any CPU.ActiveCfg = Release|Any CPU
		{9E1E031D-D2BF-4D40-B867-D5439D204326}.Release|Any CPU.Build.0 = Release|Any CPU
		{9E1E031D-D2BF-4D40-B867-D5439D204326}.Release|ARM.ActiveCfg = Release|Any CPU
		{9E1E031D-D2BF-4D40-B867-D5439D204326}.Release|ARM.Build.0 = Release|Any CPU
		{9E1E031D-D2BF-4D40-B867-D5439D204326}.Release|iPhone.ActiveCfg = Release|Any CPU
		{9E1E031D-D2BF-4D40-B867-D5439D204326}.Release|iPhone.Build.0 = Release|Any CPU
		{9E1E031D-D2BF-4D40-B867-D5439D204326}.Release|iPhoneSimulator.ActiveCfg = Release|Any CPU
		{9E1E031D-D2BF-4D40-B867-D5439D204326}.Release|iPhoneSimulator.Build.0 = Release|Any CPU
		{9E1E031D-D2BF-4D40-B867-D5439D204326}.Release|x64.ActiveCfg = Release|Any CPU
		{9E1E031D-D2BF-4D40-B867-D5439D204326}.Release|x64.Build.0 = Release|Any CPU
		{9E1E031D-D2BF-4D40-B867-D5439D204326}.Release|x86.ActiveCfg = Release|Any CPU
		{9E1E031D-D2BF-4D40-B867-D5439D204326}.Release|x86.Build.0 = Release|Any CPU
	EndGlobalSection
	GlobalSection(SolutionProperties) = preSolution
		HideSolutionNode = FALSE
	EndGlobalSection
	GlobalSection(NestedProjects) = preSolution
		{59083A38-60A5-43CD-B78A-0148F08CC1CD} = {07EA1824-E9D4-42CF-8D6C-BA242B299375}
		{86A26DB7-22AF-4EE8-8004-D61FE582D3B3} = {07EA1824-E9D4-42CF-8D6C-BA242B299375}
		{472D7475-BB2E-42FF-8ED3-AC83C4F17FFC} = {07EA1824-E9D4-42CF-8D6C-BA242B299375}
		{52998B1B-C9CD-4985-BE01-DDB432E7D98A} = {82600A24-8220-4C54-9EE6-EFF590F0104F}
		{79D586BA-B455-4B84-994B-3DE2AD2FFF04} = {07EA1824-E9D4-42CF-8D6C-BA242B299375}
		{9E1E031D-D2BF-4D40-B867-D5439D204326} = {82600A24-8220-4C54-9EE6-EFF590F0104F}
	EndGlobalSection
	GlobalSection(ExtensibilityGlobals) = postSolution
		VisualSVNWorkingCopyRoot = .
		SolutionGuid = {FBB7B9FD-D594-483C-8A6F-7A6101F73C5D}
	EndGlobalSection
EndGlobal
